Microsoft Visual Studio Solution File, Format Version 12.00
# Visual Studio 2017
Project("{8BC9CEB8-8B4A-11D0-8D11-00A0C91BC942}") = "event_client", "C:/Users/nicol/Documents/Dnai/Editor/Gui/lib/levent_client\event_client.vcxproj", "{9A8669DA-5A38-32E6-94E8-C95C9F26AD3B}"
EndProject
Project("{8BC9CEB8-8B4A-11D0-8D11-00A0C91BC942}") = "cerealization", "C:/Users/nicol/Documents/Dnai/Editor/Gui/lib/lcerealization\cerealization.vcxproj", "{C5551EB3-36E4-3CA5-A5A0-F1464DDE88CF}"
EndProject
Project("{8BC9CEB8-8B4A-11D0-8D11-00A0C91BC942}") = "core_client", "C:/Users/nicol/Documents/Dnai/Editor/Gui/lib/lcore_client\core_client.vcxproj", "{9110C714-09DE-3EDA-95DB-DA2965AEF4CA}"
EndProject
Project("{8BC9CEB8-8B4A-11D0-8D11-00A0C91BC942}") = "wintoast", "C:/Users/nicol/Documents/Dnai/Editor/Gui/lib/lwintoast\wintoast.vcxproj", "{FE538E16-F3CC-380B-BC1C-04BD2E65A5A1}"
EndProject
Global
	GlobalSection(SolutionConfigurationPlatforms) = preSolution
		Debug|x64 = Debug|x64
		Release|x64 = Release|x64
	EndGlobalSection
	GlobalSection(ProjectConfigurationPlatforms) = postSolution
		{9A8669DA-5A38-32E6-94E8-C95C9F26AD3B}.Debug|x64.ActiveCfg = Debug|x64
		{9A8669DA-5A38-32E6-94E8-C95C9F26AD3B}.Debug|x64.Build.0 = Debug|x64
		{9A8669DA-5A38-32E6-94E8-C95C9F26AD3B}.Release|x64.ActiveCfg = Release|x64
		{9A8669DA-5A38-32E6-94E8-C95C9F26AD3B}.Release|x64.Build.0 = Release|x64
		{C5551EB3-36E4-3CA5-A5A0-F1464DDE88CF}.Debug|x64.ActiveCfg = Debug|x64
		{C5551EB3-36E4-3CA5-A5A0-F1464DDE88CF}.Debug|x64.Build.0 = Debug|x64
		{C5551EB3-36E4-3CA5-A5A0-F1464DDE88CF}.Release|x64.ActiveCfg = Release|x64
		{C5551EB3-36E4-3CA5-A5A0-F1464DDE88CF}.Release|x64.Build.0 = Release|x64
		{9110C714-09DE-3EDA-95DB-DA2965AEF4CA}.Debug|x64.ActiveCfg = Debug|x64
		{9110C714-09DE-3EDA-95DB-DA2965AEF4CA}.Debug|x64.Build.0 = Debug|x64
		{9110C714-09DE-3EDA-95DB-DA2965AEF4CA}.Release|x64.ActiveCfg = Release|x64
		{9110C714-09DE-3EDA-95DB-DA2965AEF4CA}.Release|x64.Build.0 = Release|x64
		{FE538E16-F3CC-380B-BC1C-04BD2E65A5A1}.Debug|x64.ActiveCfg = Debug|x64
		{FE538E16-F3CC-380B-BC1C-04BD2E65A5A1}.Debug|x64.Build.0 = Debug|x64
		{FE538E16-F3CC-380B-BC1C-04BD2E65A5A1}.Release|x64.ActiveCfg = Release|x64
		{FE538E16-F3CC-380B-BC1C-04BD2E65A5A1}.Release|x64.Build.0 = Release|x64
	EndGlobalSection
	GlobalSection(ExtensibilityGlobals) = postSolution
	EndGlobalSection
	GlobalSection(ExtensibilityAddIns) = postSolution
	EndGlobalSection
EndGlobal