Microsoft Visual Studio Solution File, Format Version 12.00
# Visual Studio 2017
Project("{8BC9CEB8-8B4A-11D0-8D11-00A0C91BC942}") = "DNAI", "C:/Users/nicol/Desktop/Dnai.Editor/Gui/app\DNAI.vcxproj", "{AB0443D2-EAC8-3E5B-A0B1-738CB078357E}"
	ProjectSection(ProjectDependencies) = postProject
		{B1725216-DAA7-355F-B761-A18FCEE79D8E} = {B1725216-DAA7-355F-B761-A18FCEE79D8E}
		{4FC589CB-F7DA-39FB-AC04-6768F28C8664} = {4FC589CB-F7DA-39FB-AC04-6768F28C8664}
		{EE97FB40-3A64-3483-832F-562DFF1F0A78} = {EE97FB40-3A64-3483-832F-562DFF1F0A78}
	EndProjectSection
EndProject
Project("{8BC9CEB8-8B4A-11D0-8D11-00A0C91BC942}") = "dnaisettingsplugin", "C:/Users/nicol/Desktop/Dnai.Editor/Gui/plugins/Settings\dnaisettingsplugin.vcxproj", "{FB9B1D10-8BC0-3D2D-BF28-9CC6E4E2D3A9}"
EndProject
Project("{8BC9CEB8-8B4A-11D0-8D11-00A0C91BC942}") = "dnaifontawesomeplugin", "C:/Users/nicol/Desktop/Dnai.Editor/Gui/plugins/FontAwesome\dnaifontawesomeplugin.vcxproj", "{207785B5-1E9E-33D3-AC55-656EA78272B7}"
EndProject
Project("{8BC9CEB8-8B4A-11D0-8D11-00A0C91BC942}") = "dnaicontrolsplugin", "C:/Users/nicol/Desktop/Dnai.Editor/Gui/plugins/Controls\dnaicontrolsplugin.vcxproj", "{3C9A799B-FFDB-3272-A820-4973B478DD60}"
EndProject
Project("{8BC9CEB8-8B4A-11D0-8D11-00A0C91BC942}") = "dnaithemeplugin", "C:/Users/nicol/Desktop/Dnai.Editor/Gui/plugins/Theme\dnaithemeplugin.vcxproj", "{D1924DD4-6392-3F08-91F8-A88FB69A3D50}"
EndProject
Project("{8BC9CEB8-8B4A-11D0-8D11-00A0C91BC942}") = "event_client", "C:/Users/nicol/Desktop/Dnai.Editor/Gui/lib/levent_client\event_client.vcxproj", "{4FC589CB-F7DA-39FB-AC04-6768F28C8664}"
EndProject
Project("{8BC9CEB8-8B4A-11D0-8D11-00A0C91BC942}") = "cerealization", "C:/Users/nicol/Desktop/Dnai.Editor/Gui/lib/lcerealization\cerealization.vcxproj", "{EE97FB40-3A64-3483-832F-562DFF1F0A78}"
EndProject
Project("{8BC9CEB8-8B4A-11D0-8D11-00A0C91BC942}") = "core_client", "C:/Users/nicol/Desktop/Dnai.Editor/Gui/lib/lcore_client\core_client.vcxproj", "{B1725216-DAA7-355F-B761-A18FCEE79D8E}"
EndProject
Global
	GlobalSection(SolutionConfigurationPlatforms) = preSolution
		Debug|x64 = Debug|x64
		Release|x64 = Release|x64
	EndGlobalSection
	GlobalSection(ProjectConfigurationPlatforms) = postSolution
		{AB0443D2-EAC8-3E5B-A0B1-738CB078357E}.Debug|x64.ActiveCfg = Debug|x64
		{AB0443D2-EAC8-3E5B-A0B1-738CB078357E}.Debug|x64.Build.0 = Debug|x64
		{AB0443D2-EAC8-3E5B-A0B1-738CB078357E}.Release|x64.ActiveCfg = Release|x64
		{AB0443D2-EAC8-3E5B-A0B1-738CB078357E}.Release|x64.Build.0 = Release|x64
		{FB9B1D10-8BC0-3D2D-BF28-9CC6E4E2D3A9}.Debug|x64.ActiveCfg = Debug|x64
		{FB9B1D10-8BC0-3D2D-BF28-9CC6E4E2D3A9}.Debug|x64.Build.0 = Debug|x64
		{FB9B1D10-8BC0-3D2D-BF28-9CC6E4E2D3A9}.Release|x64.ActiveCfg = Release|x64
		{FB9B1D10-8BC0-3D2D-BF28-9CC6E4E2D3A9}.Release|x64.Build.0 = Release|x64
		{207785B5-1E9E-33D3-AC55-656EA78272B7}.Debug|x64.ActiveCfg = Debug|x64
		{207785B5-1E9E-33D3-AC55-656EA78272B7}.Debug|x64.Build.0 = Debug|x64
		{207785B5-1E9E-33D3-AC55-656EA78272B7}.Release|x64.ActiveCfg = Release|x64
		{207785B5-1E9E-33D3-AC55-656EA78272B7}.Release|x64.Build.0 = Release|x64
		{3C9A799B-FFDB-3272-A820-4973B478DD60}.Debug|x64.ActiveCfg = Debug|x64
		{3C9A799B-FFDB-3272-A820-4973B478DD60}.Debug|x64.Build.0 = Debug|x64
		{3C9A799B-FFDB-3272-A820-4973B478DD60}.Release|x64.ActiveCfg = Release|x64
		{3C9A799B-FFDB-3272-A820-4973B478DD60}.Release|x64.Build.0 = Release|x64
		{D1924DD4-6392-3F08-91F8-A88FB69A3D50}.Debug|x64.ActiveCfg = Debug|x64
		{D1924DD4-6392-3F08-91F8-A88FB69A3D50}.Debug|x64.Build.0 = Debug|x64
		{D1924DD4-6392-3F08-91F8-A88FB69A3D50}.Release|x64.ActiveCfg = Release|x64
		{D1924DD4-6392-3F08-91F8-A88FB69A3D50}.Release|x64.Build.0 = Release|x64
		{4FC589CB-F7DA-39FB-AC04-6768F28C8664}.Debug|x64.ActiveCfg = Debug|x64
		{4FC589CB-F7DA-39FB-AC04-6768F28C8664}.Debug|x64.Build.0 = Debug|x64
		{4FC589CB-F7DA-39FB-AC04-6768F28C8664}.Release|x64.ActiveCfg = Release|x64
		{4FC589CB-F7DA-39FB-AC04-6768F28C8664}.Release|x64.Build.0 = Release|x64
		{EE97FB40-3A64-3483-832F-562DFF1F0A78}.Debug|x64.ActiveCfg = Debug|x64
		{EE97FB40-3A64-3483-832F-562DFF1F0A78}.Debug|x64.Build.0 = Debug|x64
		{EE97FB40-3A64-3483-832F-562DFF1F0A78}.Release|x64.ActiveCfg = Release|x64
		{EE97FB40-3A64-3483-832F-562DFF1F0A78}.Release|x64.Build.0 = Release|x64
		{B1725216-DAA7-355F-B761-A18FCEE79D8E}.Debug|x64.ActiveCfg = Debug|x64
		{B1725216-DAA7-355F-B761-A18FCEE79D8E}.Debug|x64.Build.0 = Debug|x64
		{B1725216-DAA7-355F-B761-A18FCEE79D8E}.Release|x64.ActiveCfg = Release|x64
		{B1725216-DAA7-355F-B761-A18FCEE79D8E}.Release|x64.Build.0 = Release|x64
	EndGlobalSection
	GlobalSection(ExtensibilityGlobals) = postSolution
	EndGlobalSection
	GlobalSection(ExtensibilityAddIns) = postSolution
	EndGlobalSection
EndGlobal