<?xml version="1.0" encoding="utf-8"?>
<Project xmlns="http://schemas.microsoft.com/developer/msbuild/2003">
  <ItemGroup>
    <Filter Include="Generated Files">
      <UniqueIdentifier>{71ED8ED8-ACB9-4CE9-BBE1-E00B30144E11}</UniqueIdentifier>
      <Extensions>cpp;c;cxx;moc;h;def;odl;idl;res;</Extensions>
    </Filter>
    <Filter Include="Generated Files">
      <UniqueIdentifier>{71ED8ED8-ACB9-4CE9-BBE1-E00B30144E11}</UniqueIdentifier>
      <Extensions>cpp;c;cxx;moc;h;def;odl;idl;res;</Extensions>
    </Filter>
    <Filter Include="Header Files">
      <UniqueIdentifier>{93995380-89BD-4b04-88EB-625FBE52EBFB}</UniqueIdentifier>
      <Extensions>h;hpp;hxx;hm;inl;inc;xsd</Extensions>
    </Filter>
    <Filter Include="Header Files">
      <UniqueIdentifier>{93995380-89BD-4b04-88EB-625FBE52EBFB}</UniqueIdentifier>
      <Extensions>h;hpp;hxx;hm;inl;inc;xsd</Extensions>
    </Filter>
    <Filter Include="Source Files">
      <UniqueIdentifier>{4FC737F1-C7A5-4376-A066-2A32D752A2FF}</UniqueIdentifier>
      <Extensions>cpp;c;cxx;def;odl;idl;hpj;bat;asm;asmx</Extensions>
    </Filter>
    <Filter Include="Source Files">
      <UniqueIdentifier>{4FC737F1-C7A5-4376-A066-2A32D752A2FF}</UniqueIdentifier>
      <Extensions>cpp;c;cxx;def;odl;idl;hpj;bat;asm;asmx</Extensions>
    </Filter>
  </ItemGroup>
  <ItemGroup>
    <ClCompile Include="repository\src\Binary\BinaryOperations.cpp">
      <Filter>Source Files</Filter>
    </ClCompile>
    <ClCompile Include="repository\src\Binary\BinaryStream.cpp">
      <Filter>Source Files</Filter>
    </ClCompile>
    <ClCompile Include="repository\src\JSON\JSONOperations.cpp">
      <Filter>Source Files</Filter>
    </ClCompile>
    <ClCompile Include="repository\src\JSON\JSONStream.cpp">
      <Filter>Source Files</Filter>
    </ClCompile>
  </ItemGroup>
  <ItemGroup>
    <ClInclude Include="repository\include\Cerealizer\Binary\Binary.hpp">
      <Filter>Header Files</Filter>
    </ClInclude>
    <ClInclude Include="repository\include\Cerealizer\Binary\BinaryObject.hpp">
      <Filter>Header Files</Filter>
    </ClInclude>
    <ClInclude Include="repository\include\Cerealizer\Binary\BinaryStream.hpp">
      <Filter>Header Files</Filter>
    </ClInclude>
    <ClInclude Include="repository\include\Cerealizer\Binary\BinaryTuple.hpp">
      <Filter>Header Files</Filter>
    </ClInclude>
    <ClInclude Include="repository\include\Cerealizable\Data.hpp">
      <Filter>Header Files</Filter>
    </ClInclude>
    <ClInclude Include="repository\include\Cerealizable\DataDecl.hpp">
      <Filter>Header Files</Filter>
    </ClInclude>
    <ClInclude Include="repository\include\Cerealizer\Binary\DefaultOperations.hpp">
      <Filter>Header Files</Filter>
    </ClInclude>
    <ClInclude Include="repository\include\Cerealizer\JSON\DefaultOperations.hpp">
      <Filter>Header Files</Filter>
    </ClInclude>
    <ClInclude Include="repository\include\Cerealizer\JSON\JSON.hpp">
      <Filter>Header Files</Filter>
    </ClInclude>
    <ClInclude Include="repository\include\Cerealizer\JSON\JSONObject.hpp">
      <Filter>Header Files</Filter>
    </ClInclude>
    <ClInclude Include="repository\include\Cerealizer\JSON\JSONStream.hpp">
      <Filter>Header Files</Filter>
    </ClInclude>
    <ClInclude Include="repository\include\Cerealizer\JSON\JSONTuple.hpp">
      <Filter>Header Files</Filter>
    </ClInclude>
    <ClInclude Include="repository\include\Cerealizable\List.hpp">
      <Filter>Header Files</Filter>
    </ClInclude>
    <ClInclude Include="repository\include\Cerealizer\Binary\ModelOperations.hpp">
      <Filter>Header Files</Filter>
    </ClInclude>
    <ClInclude Include="repository\include\Cerealizer\JSON\ModelOperations.hpp">
      <Filter>Header Files</Filter>
    </ClInclude>
    <ClInclude Include="repository\include\Cerealizable\Object.hpp">
      <Filter>Header Files</Filter>
    </ClInclude>
    <ClInclude Include="repository\include\Cerealizer\Binary\Operations.hpp">
      <Filter>Header Files</Filter>
    </ClInclude>
    <ClInclude Include="repository\include\Cerealizer\JSON\Operations.hpp">
      <Filter>Header Files</Filter>
    </ClInclude>
    <ClInclude Include="repository\include\Cerealizable\Scalar.hpp">
      <Filter>Header Files</Filter>
    </ClInclude>
    <ClInclude Include="repository\include\Cerealizer\Binary\StructOperations.hpp">
      <Filter>Header Files</Filter>
    </ClInclude>
    <ClInclude Include="repository\include\Cerealizer\JSON\StructOperations.hpp">
      <Filter>Header Files</Filter>
    </ClInclude>
    <ClInclude Include="repository\include\Cerealizable\Tuple.hpp">
      <Filter>Header Files</Filter>
    </ClInclude>
  </ItemGroup>
  <ItemGroup>
    <CustomBuild Include="debug\moc_predefs.h.cbt">
      <Filter>Generated Files</Filter>
    </CustomBuild>
    <CustomBuild Include="release\moc_predefs.h.cbt">
      <Filter>Generated Files</Filter>
    </CustomBuild>
  </ItemGroup>
</Project>