<?xml version="1.0" encoding="utf-8"?>
<Project xmlns="http://schemas.microsoft.com/developer/msbuild/2003">
  <ItemGroup>
    <Filter Include="Form Files">
      <UniqueIdentifier>{99349809-55BA-4b9d-BF79-8FDBB0286EB3}</UniqueIdentifier>
      <Extensions>ui</Extensions>
      <ParseFiles>false</ParseFiles>
    </Filter>
    <Filter Include="Form Files">
      <UniqueIdentifier>{99349809-55BA-4b9d-BF79-8FDBB0286EB3}</UniqueIdentifier>
      <Extensions>ui</Extensions>
      <ParseFiles>false</ParseFiles>
    </Filter>
    <Filter Include="Generated Files">
      <UniqueIdentifier>{71ED8ED8-ACB9-4CE9-BBE1-E00B30144E11}</UniqueIdentifier>
      <Extensions>cpp;c;cxx;moc;h;def;odl;idl;res;</Extensions>
    </Filter>
    <Filter Include="Generated Files">
      <UniqueIdentifier>{71ED8ED8-ACB9-4CE9-BBE1-E00B30144E11}</UniqueIdentifier>
      <Extensions>cpp;c;cxx;moc;h;def;odl;idl;res;</Extensions>
    </Filter>
    <Filter Include="Header Files">
      <UniqueIdentifier>{93995380-89BD-4b04-88EB-625FBE52EBFB}</UniqueIdentifier>
      <Extensions>h;hpp;hxx;hm;inl;inc;xsd</Extensions>
    </Filter>
    <Filter Include="Header Files">
      <UniqueIdentifier>{93995380-89BD-4b04-88EB-625FBE52EBFB}</UniqueIdentifier>
      <Extensions>h;hpp;hxx;hm;inl;inc;xsd</Extensions>
    </Filter>
    <Filter Include="Resource Files">
      <UniqueIdentifier>{D9D6E242-F8AF-46E4-B9FD-80ECBC20BA3E}</UniqueIdentifier>
      <Extensions>qrc;*</Extensions>
      <ParseFiles>false</ParseFiles>
    </Filter>
    <Filter Include="Resource Files">
      <UniqueIdentifier>{D9D6E242-F8AF-46E4-B9FD-80ECBC20BA3E}</UniqueIdentifier>
      <Extensions>qrc;*</Extensions>
      <ParseFiles>false</ParseFiles>
    </Filter>
    <Filter Include="Source Files">
      <UniqueIdentifier>{4FC737F1-C7A5-4376-A066-2A32D752A2FF}</UniqueIdentifier>
      <Extensions>cpp;c;cxx;def;odl;idl;hpj;bat;asm;asmx</Extensions>
    </Filter>
    <Filter Include="Source Files">
      <UniqueIdentifier>{4FC737F1-C7A5-4376-A066-2A32D752A2FF}</UniqueIdentifier>
      <Extensions>cpp;c;cxx;def;odl;idl;hpj;bat;asm;asmx</Extensions>
    </Filter>
  </ItemGroup>
  <ItemGroup>
    <ClCompile Include="src\dnai\api\api.cpp">
      <Filter>Source Files</Filter>
    </ClCompile>
    <ClCompile Include="src\dnai\app.cpp">
      <Filter>Source Files</Filter>
    </ClCompile>
    <ClCompile Include="src\dnai\views\appview.cpp">
      <Filter>Source Files</Filter>
    </ClCompile>
    <ClCompile Include="src\dnai\baseio.cpp">
      <Filter>Source Files</Filter>
    </ClCompile>
    <ClCompile Include="src\dnai\baselinkable.cpp">
      <Filter>Source Files</Filter>
    </ClCompile>
    <ClCompile Include="src\dnai\models\basicnodemodel.cpp">
      <Filter>Source Files</Filter>
    </ClCompile>
    <ClCompile Include="src\dnai\views\beziercurve.cpp">
      <Filter>Source Files</Filter>
    </ClCompile>
    <ClCompile Include="src\dnai\views\canvasnode.cpp">
      <Filter>Source Files</Filter>
    </ClCompile>
    <ClCompile Include="src\dnai\models\class.cpp">
      <Filter>Source Files</Filter>
    </ClCompile>
    <ClCompile Include="src\dnai\views\class.cpp">
      <Filter>Source Files</Filter>
    </ClCompile>
    <ClCompile Include="src\dnai\controllers\clientcontroller.cpp">
      <Filter>Source Files</Filter>
    </ClCompile>
    <ClCompile Include="src\dnai\commands\command.cpp">
      <Filter>Source Files</Filter>
    </ClCompile>
    <ClCompile Include="src\dnai\commands\commanddecorator.cpp">
      <Filter>Source Files</Filter>
    </ClCompile>
    <ClCompile Include="src\dnai\commands\commandmanager.cpp">
      <Filter>Source Files</Filter>
    </ClCompile>
    <ClCompile Include="src\dnai\models\common.cpp">
      <Filter>Source Files</Filter>
    </ClCompile>
    <ClCompile Include="src\dnai\views\console.cpp">
      <Filter>Source Files</Filter>
    </ClCompile>
    <ClCompile Include="src\dnai\controllers\consolecontroller.cpp">
      <Filter>Source Files</Filter>
    </ClCompile>
    <ClCompile Include="src\dnai\models\context.cpp">
      <Filter>Source Files</Filter>
    </ClCompile>
    <ClCompile Include="src\dnai\views\contextview.cpp">
      <Filter>Source Files</Filter>
    </ClCompile>
    <ClCompile Include="src\dnai\views\customshape.cpp">
      <Filter>Source Files</Filter>
    </ClCompile>
    <ClCompile Include="src\dnai\commands\debugdecorator.cpp">
      <Filter>Source Files</Filter>
    </ClCompile>
    <ClCompile Include="src\dnai\views\declarationcanvas.cpp">
      <Filter>Source Files</Filter>
    </ClCompile>
    <ClCompile Include="src\dnai\models\declarationmodel.cpp">
      <Filter>Source Files</Filter>
    </ClCompile>
    <ClCompile Include="src\dnai\views\declarationview.cpp">
      <Filter>Source Files</Filter>
    </ClCompile>
    <ClCompile Include="src\dnai\eventutilities.cpp">
      <Filter>Source Files</Filter>
    </ClCompile>
    <ClCompile Include="src\dnai\models\flow.cpp">
      <Filter>Source Files</Filter>
    </ClCompile>
    <ClCompile Include="src\dnai\views\flow.cpp">
      <Filter>Source Files</Filter>
    </ClCompile>
    <ClCompile Include="src\dnai\focusmanager.cpp">
      <Filter>Source Files</Filter>
    </ClCompile>
    <ClCompile Include="src\dnai\models\function.cpp">
      <Filter>Source Files</Filter>
    </ClCompile>
    <ClCompile Include="src\dnai\views\genericnode.cpp">
      <Filter>Source Files</Filter>
    </ClCompile>
    <ClCompile Include="src\dnai\models\identity.cpp">
      <Filter>Source Files</Filter>
    </ClCompile>
    <ClCompile Include="src\dnai\models\input.cpp">
      <Filter>Source Files</Filter>
    </ClCompile>
    <ClCompile Include="src\dnai\views\input.cpp">
      <Filter>Source Files</Filter>
    </ClCompile>
    <ClCompile Include="src\dnai\controllers\inputcontroller.cpp">
      <Filter>Source Files</Filter>
    </ClCompile>
    <ClCompile Include="src\dnai\views\instructionview.cpp">
      <Filter>Source Files</Filter>
    </ClCompile>
    <ClCompile Include="src\dnai\views\io.cpp">
      <Filter>Source Files</Filter>
    </ClCompile>
    <ClCompile Include="src\dnai\views\layout.cpp">
      <Filter>Source Files</Filter>
    </ClCompile>
    <ClCompile Include="src\dnai\views\line.cpp">
      <Filter>Source Files</Filter>
    </ClCompile>
    <ClCompile Include="src\dnai\link.cpp">
      <Filter>Source Files</Filter>
    </ClCompile>
    <ClCompile Include="src\dnai\views\linkablebezieritem.cpp">
      <Filter>Source Files</Filter>
    </ClCompile>
    <ClCompile Include="src\main.cpp">
      <Filter>Source Files</Filter>
    </ClCompile>
    <ClCompile Include="src\dnai\manager.cpp">
      <Filter>Source Files</Filter>
    </ClCompile>
    <ClCompile Include="src\dnai\commands\movecanvascommand.cpp">
      <Filter>Source Files</Filter>
    </ClCompile>
    <ClCompile Include="src\dnai\commands\movecommand.cpp">
      <Filter>Source Files</Filter>
    </ClCompile>
    <ClCompile Include="src\dnai\commands\movenodecommand.cpp">
      <Filter>Source Files</Filter>
    </ClCompile>
    <ClCompile Include="src\dnai\models\namespacebaritem.cpp">
      <Filter>Source Files</Filter>
    </ClCompile>
    <ClCompile Include="src\dnai\models\namespacebarmodel.cpp">
      <Filter>Source Files</Filter>
    </ClCompile>
    <ClCompile Include="src\dnai\models\node.cpp">
      <Filter>Source Files</Filter>
    </ClCompile>
    <ClCompile Include="src\dnai\http\observable.cpp">
      <Filter>Source Files</Filter>
    </ClCompile>
    <ClCompile Include="src\dnai\models\output.cpp">
      <Filter>Source Files</Filter>
    </ClCompile>
    <ClCompile Include="src\dnai\views\output.cpp">
      <Filter>Source Files</Filter>
    </ClCompile>
    <ClCompile Include="src\dnai\controllers\outputcontroller.cpp">
      <Filter>Source Files</Filter>
    </ClCompile>
    <ClCompile Include="src\dnai\models\position.cpp">
      <Filter>Source Files</Filter>
    </ClCompile>
    <ClCompile Include="src\dnai\processmanager.cpp">
      <Filter>Source Files</Filter>
    </ClCompile>
    <ClCompile Include="src\dnai\project.cpp">
      <Filter>Source Files</Filter>
    </ClCompile>
    <ClCompile Include="src\dnai\qmlresources\qcstandardpaths.cpp">
      <Filter>Source Files</Filter>
    </ClCompile>
    <ClCompile Include="src\dnai\http\response.cpp">
      <Filter>Source Files</Filter>
    </ClCompile>
    <ClCompile Include="src\dnai\views\roundedrectangle.cpp">
      <Filter>Source Files</Filter>
    </ClCompile>
    <ClCompile Include="src\dnai\http\service.cpp">
      <Filter>Source Files</Filter>
    </ClCompile>
    <ClCompile Include="src\dnai\settings.cpp">
      <Filter>Source Files</Filter>
    </ClCompile>
    <ClCompile Include="src\dnai\models\settingsmodel.cpp">
      <Filter>Source Files</Filter>
    </ClCompile>
    <ClCompile Include="src\dnai\models\treeitem.cpp">
      <Filter>Source Files</Filter>
    </ClCompile>
    <ClCompile Include="src\dnai\models\treemodel.cpp">
      <Filter>Source Files</Filter>
    </ClCompile>
    <ClCompile Include="src\dnai\http\url.cpp">
      <Filter>Source Files</Filter>
    </ClCompile>
    <ClCompile Include="src\dnai\models\user.cpp">
      <Filter>Source Files</Filter>
    </ClCompile>
    <ClCompile Include="src\dnai\models\variable.cpp">
      <Filter>Source Files</Filter>
    </ClCompile>
    <ClCompile Include="src\dnai\commands\zoomcanvascommand.cpp">
      <Filter>Source Files</Filter>
    </ClCompile>
    <ClCompile Include="Debug\moc_customshape.cpp">
      <Filter>Generated Files</Filter>
    </ClCompile>
    <ClCompile Include="Release\moc_customshape.cpp">
      <Filter>Generated Files</Filter>
    </ClCompile>
    <ClCompile Include="Debug\moc_contextview.cpp">
      <Filter>Generated Files</Filter>
    </ClCompile>
    <ClCompile Include="Release\moc_contextview.cpp">
      <Filter>Generated Files</Filter>
    </ClCompile>
    <ClCompile Include="Debug\moc_console.cpp">
      <Filter>Generated Files</Filter>
    </ClCompile>
    <ClCompile Include="Release\moc_console.cpp">
      <Filter>Generated Files</Filter>
    </ClCompile>
    <ClCompile Include="Debug\moc_common.cpp">
      <Filter>Generated Files</Filter>
    </ClCompile>
    <ClCompile Include="Release\moc_common.cpp">
      <Filter>Generated Files</Filter>
    </ClCompile>
    <ClCompile Include="Debug\moc_class.cpp">
      <Filter>Generated Files</Filter>
    </ClCompile>
    <ClCompile Include="Release\moc_class.cpp">
      <Filter>Generated Files</Filter>
    </ClCompile>
    <ClCompile Include="Debug\moc_canvasnode.cpp">
      <Filter>Generated Files</Filter>
    </ClCompile>
    <ClCompile Include="Release\moc_canvasnode.cpp">
      <Filter>Generated Files</Filter>
    </ClCompile>
    <ClCompile Include="Debug\moc_beziercurve.cpp">
      <Filter>Generated Files</Filter>
    </ClCompile>
    <ClCompile Include="Release\moc_beziercurve.cpp">
      <Filter>Generated Files</Filter>
    </ClCompile>
    <ClCompile Include="Debug\moc_basicnodemodel.cpp">
      <Filter>Generated Files</Filter>
    </ClCompile>
    <ClCompile Include="Release\moc_basicnodemodel.cpp">
      <Filter>Generated Files</Filter>
    </ClCompile>
    <ClCompile Include="Debug\moc_user.cpp">
      <Filter>Generated Files</Filter>
    </ClCompile>
    <ClCompile Include="Release\moc_user.cpp">
      <Filter>Generated Files</Filter>
    </ClCompile>
    <ClCompile Include="Debug\moc_url.cpp">
      <Filter>Generated Files</Filter>
    </ClCompile>
    <ClCompile Include="Release\moc_url.cpp">
      <Filter>Generated Files</Filter>
    </ClCompile>
    <ClCompile Include="Debug\moc_treemodel.cpp">
      <Filter>Generated Files</Filter>
    </ClCompile>
    <ClCompile Include="Release\moc_treemodel.cpp">
      <Filter>Generated Files</Filter>
    </ClCompile>
    <ClCompile Include="Debug\moc_testconnection.cpp">
      <Filter>Generated Files</Filter>
    </ClCompile>
    <ClCompile Include="Release\moc_testconnection.cpp">
      <Filter>Generated Files</Filter>
    </ClCompile>
    <ClCompile Include="Debug\moc_appview.cpp">
      <Filter>Generated Files</Filter>
    </ClCompile>
    <ClCompile Include="Release\moc_appview.cpp">
      <Filter>Generated Files</Filter>
    </ClCompile>
    <ClCompile Include="Debug\moc_app.cpp">
      <Filter>Generated Files</Filter>
    </ClCompile>
    <ClCompile Include="Release\moc_app.cpp">
      <Filter>Generated Files</Filter>
    </ClCompile>
    <ClCompile Include="Debug\moc_settingsmodel.cpp">
      <Filter>Generated Files</Filter>
    </ClCompile>
    <ClCompile Include="Release\moc_settingsmodel.cpp">
      <Filter>Generated Files</Filter>
    </ClCompile>
    <ClCompile Include="Debug\moc_settings.cpp">
      <Filter>Generated Files</Filter>
    </ClCompile>
    <ClCompile Include="Release\moc_settings.cpp">
      <Filter>Generated Files</Filter>
    </ClCompile>
    <ClCompile Include="Debug\moc_roundedrectangle.cpp">
      <Filter>Generated Files</Filter>
    </ClCompile>
    <ClCompile Include="Release\moc_roundedrectangle.cpp">
      <Filter>Generated Files</Filter>
    </ClCompile>
    <ClCompile Include="Debug\moc_qcstandardpaths.cpp">
      <Filter>Generated Files</Filter>
    </ClCompile>
    <ClCompile Include="Release\moc_qcstandardpaths.cpp">
      <Filter>Generated Files</Filter>
    </ClCompile>
    <ClCompile Include="Debug\moc_processmanager.cpp">
      <Filter>Generated Files</Filter>
    </ClCompile>
    <ClCompile Include="Release\moc_processmanager.cpp">
      <Filter>Generated Files</Filter>
    </ClCompile>
    <ClCompile Include="Debug\moc_observable.cpp">
      <Filter>Generated Files</Filter>
    </ClCompile>
    <ClCompile Include="Release\moc_observable.cpp">
      <Filter>Generated Files</Filter>
    </ClCompile>
    <ClCompile Include="Debug\moc_namespacebarmodel.cpp">
      <Filter>Generated Files</Filter>
    </ClCompile>
    <ClCompile Include="Release\moc_namespacebarmodel.cpp">
      <Filter>Generated Files</Filter>
    </ClCompile>
    <ClCompile Include="Debug\moc_namespacebaritem.cpp">
      <Filter>Generated Files</Filter>
    </ClCompile>
    <ClCompile Include="Release\moc_namespacebaritem.cpp">
      <Filter>Generated Files</Filter>
    </ClCompile>
    <ClCompile Include="Debug\moc_manager.cpp">
      <Filter>Generated Files</Filter>
    </ClCompile>
    <ClCompile Include="Release\moc_manager.cpp">
      <Filter>Generated Files</Filter>
    </ClCompile>
    <ClCompile Include="Debug\moc_line.cpp">
      <Filter>Generated Files</Filter>
    </ClCompile>
    <ClCompile Include="Release\moc_line.cpp">
      <Filter>Generated Files</Filter>
    </ClCompile>
    <ClCompile Include="Debug\moc_layout.cpp">
      <Filter>Generated Files</Filter>
    </ClCompile>
    <ClCompile Include="Release\moc_layout.cpp">
      <Filter>Generated Files</Filter>
    </ClCompile>
    <ClCompile Include="Debug\moc_iotype.cpp">
      <Filter>Generated Files</Filter>
    </ClCompile>
    <ClCompile Include="Release\moc_iotype.cpp">
      <Filter>Generated Files</Filter>
    </ClCompile>
    <ClCompile Include="Debug\moc_io.cpp">
      <Filter>Generated Files</Filter>
    </ClCompile>
    <ClCompile Include="Release\moc_io.cpp">
      <Filter>Generated Files</Filter>
    </ClCompile>
    <ClCompile Include="Debug\moc_instructionview.cpp">
      <Filter>Generated Files</Filter>
    </ClCompile>
    <ClCompile Include="Release\moc_instructionview.cpp">
      <Filter>Generated Files</Filter>
    </ClCompile>
    <ClCompile Include="Debug\moc_genericnode.cpp">
      <Filter>Generated Files</Filter>
    </ClCompile>
    <ClCompile Include="Release\moc_genericnode.cpp">
      <Filter>Generated Files</Filter>
    </ClCompile>
    <ClCompile Include="Debug\moc_declarationtype.cpp">
      <Filter>Generated Files</Filter>
    </ClCompile>
    <ClCompile Include="Release\moc_declarationtype.cpp">
      <Filter>Generated Files</Filter>
    </ClCompile>
    <ClCompile Include="Debug\moc_declarationmodel.cpp">
      <Filter>Generated Files</Filter>
    </ClCompile>
    <ClCompile Include="Release\moc_declarationmodel.cpp">
      <Filter>Generated Files</Filter>
    </ClCompile>
    <ClCompile Include="Debug\moc_declarationcanvas.cpp">
      <Filter>Generated Files</Filter>
    </ClCompile>
    <ClCompile Include="Release\moc_declarationcanvas.cpp">
      <Filter>Generated Files</Filter>
    </ClCompile>
    <ClCompile Include="Debug\moc_flowtype.cpp">
      <Filter>Generated Files</Filter>
    </ClCompile>
    <ClCompile Include="Release\moc_flowtype.cpp">
      <Filter>Generated Files</Filter>
    </ClCompile>
    <ClCompile Include="Debug\moc_flow.cpp">
      <Filter>Generated Files</Filter>
    </ClCompile>
    <ClCompile Include="Release\moc_flow.cpp">
      <Filter>Generated Files</Filter>
    </ClCompile>
    <ClCompile Include="GeneratedFiles\qrc_qml.cpp">
      <Filter>Generated Files</Filter>
    </ClCompile>
    <ClCompile Include="Debug\moc_listnode.cpp">
      <Filter>Generated Files</Filter>
    </ClCompile>
    <ClCompile Include="Release\moc_listnode.cpp">
      <Filter>Generated Files</Filter>
    </ClCompile>
    <ClCompile Include="src\dnai\models\listnode.cpp">
      <Filter>Generated Files</Filter>
    </ClCompile>
  </ItemGroup>
  <ItemGroup>
    <ClInclude Include="include\api.h">
      <Filter>Header Files</Filter>
    </ClInclude>
    <ClInclude Include="include\dnai\api\api.h">
      <Filter>Header Files</Filter>
    </ClInclude>
    <CustomBuild Include="include\dnai\app.h">
      <Filter>Header Files</Filter>
    </CustomBuild>
    <CustomBuild Include="include\dnai\views\appview.h">
      <Filter>Header Files</Filter>
    </CustomBuild>
    <ClInclude Include="include\dnai\baseio.h">
      <Filter>Header Files</Filter>
    </ClInclude>
    <ClInclude Include="include\dnai\baselinkable.h">
      <Filter>Header Files</Filter>
    </ClInclude>
    <CustomBuild Include="include\dnai\models\basicnodemodel.h">
      <Filter>Header Files</Filter>
    </CustomBuild>
    <CustomBuild Include="include\dnai\views\beziercurve.h">
      <Filter>Header Files</Filter>
    </CustomBuild>
    <CustomBuild Include="include\dnai\views\canvasnode.h">
      <Filter>Header Files</Filter>
    </CustomBuild>
    <ClInclude Include="include\dnai\models\class.h">
      <Filter>Header Files</Filter>
    </ClInclude>
    <CustomBuild Include="include\dnai\views\class.h">
      <Filter>Header Files</Filter>
    </CustomBuild>
    <ClInclude Include="include\dnai\controllers\clientcontroller.h">
      <Filter>Header Files</Filter>
    </ClInclude>
    <ClInclude Include="include\dnai\commands\command.h">
      <Filter>Header Files</Filter>
    </ClInclude>
    <ClInclude Include="include\dnai\commands\commanddecorator.h">
      <Filter>Header Files</Filter>
    </ClInclude>
    <ClInclude Include="include\dnai\commands\commandmanager.h">
      <Filter>Header Files</Filter>
    </ClInclude>
    <ClInclude Include="include\commands.h">
      <Filter>Header Files</Filter>
    </ClInclude>
    <CustomBuild Include="include\dnai\models\common.h">
      <Filter>Header Files</Filter>
    </CustomBuild>
    <ClInclude Include="include\dnai\http\config.h">
      <Filter>Header Files</Filter>
    </ClInclude>
    <CustomBuild Include="include\dnai\views\console.h">
      <Filter>Header Files</Filter>
    </CustomBuild>
    <ClInclude Include="include\dnai\controllers\consolecontroller.h">
      <Filter>Header Files</Filter>
    </ClInclude>
    <ClInclude Include="include\dnai\models\context.h">
      <Filter>Header Files</Filter>
    </ClInclude>
    <CustomBuild Include="include\dnai\views\contextview.h">
      <Filter>Header Files</Filter>
    </CustomBuild>
    <ClInclude Include="include\controllers.h">
      <Filter>Header Files</Filter>
    </ClInclude>
    <CustomBuild Include="include\dnai\views\customshape.h">
      <Filter>Header Files</Filter>
    </CustomBuild>
    <ClInclude Include="include\dnai\commands\debugdecorator.h">
      <Filter>Header Files</Filter>
    </ClInclude>
    <CustomBuild Include="include\dnai\views\declarationcanvas.h">
      <Filter>Header Files</Filter>
    </CustomBuild>
    <CustomBuild Include="include\dnai\models\declarationmodel.h">
      <Filter>Header Files</Filter>
    </CustomBuild>
    <CustomBuild Include="include\dnai\qmlresources\declarationtype.h">
      <Filter>Header Files</Filter>
    </CustomBuild>
    <CustomBuild Include="include\dnai\views\declarationview.h">
      <Filter>Header Files</Filter>
    </CustomBuild>
    <ClInclude Include="include\dnai\eventutilities.h">
      <Filter>Header Files</Filter>
    </ClInclude>
    <ClInclude Include="include\dnai\models\flow.h">
      <Filter>Header Files</Filter>
    </ClInclude>
    <CustomBuild Include="include\dnai\views\flow.h">
      <Filter>Header Files</Filter>
    </CustomBuild>
    <CustomBuild Include="include\dnai\qmlresources\flowtype.h">
      <Filter>Header Files</Filter>
    </CustomBuild>
    <ClInclude Include="include\dnai\focusmanager.h">
      <Filter>Header Files</Filter>
    </ClInclude>
    <ClInclude Include="include\dnai\models\function.h">
      <Filter>Header Files</Filter>
    </ClInclude>
    <CustomBuild Include="include\dnai\views\genericnode.h">
      <Filter>Header Files</Filter>
    </CustomBuild>
    <ClInclude Include="include\http.h">
      <Filter>Header Files</Filter>
    </ClInclude>
    <ClInclude Include="include\dnai\models\iclone.h">
      <Filter>Header Files</Filter>
    </ClInclude>
    <ClInclude Include="include\dnai\commands\icommand.h">
      <Filter>Header Files</Filter>
    </ClInclude>
    <ClInclude Include="include\dnai\models\identity.h">
      <Filter>Header Files</Filter>
    </ClInclude>
    <ClInclude Include="include\dnai\ilinkable.h">
      <Filter>Header Files</Filter>
    </ClInclude>
    <ClInclude Include="include\dnai\models\imodel.h">
      <Filter>Header Files</Filter>
    </ClInclude>
    <ClInclude Include="include\dnai\models\input.h">
      <Filter>Header Files</Filter>
    </ClInclude>
    <ClInclude Include="include\dnai\views\input.h">
      <Filter>Header Files</Filter>
    </ClInclude>
    <ClInclude Include="include\dnai\controllers\inputcontroller.h">
      <Filter>Header Files</Filter>
    </ClInclude>
    <CustomBuild Include="include\dnai\qmlresources\instructionid.h">
      <Filter>Header Files</Filter>
    </CustomBuild>
    <CustomBuild Include="include\dnai\views\instructionview.h">
      <Filter>Header Files</Filter>
    </CustomBuild>
    <CustomBuild Include="include\dnai\views\io.h">
      <Filter>Header Files</Filter>
    </CustomBuild>
    <CustomBuild Include="include\dnai\qmlresources\iotype.h">
      <Filter>Header Files</Filter>
    </CustomBuild>
    <ClInclude Include="include\dnai\views\iscalable.h">
      <Filter>Header Files</Filter>
    </ClInclude>
    <CustomBuild Include="include\dnai\views\layout.h">
      <Filter>Header Files</Filter>
    </CustomBuild>
    <CustomBuild Include="include\dnai\views\line.h">
      <Filter>Header Files</Filter>
    </CustomBuild>
    <ClInclude Include="include\dnai\link.h">
      <Filter>Header Files</Filter>
    </ClInclude>
    <ClInclude Include="include\dnai\views\linkablebezieritem.h">
      <Filter>Header Files</Filter>
    </ClInclude>
    <ClInclude Include="include\dnai\linkabletype.h">
      <Filter>Header Files</Filter>
    </ClInclude>
    <CustomBuild Include="include\dnai\manager.h">
      <Filter>Header Files</Filter>
    </CustomBuild>
    <ClInclude Include="include\models.h">
      <Filter>Header Files</Filter>
    </ClInclude>
    <ClInclude Include="include\dnai\commands\movecommand.h">
      <Filter>Header Files</Filter>
    </ClInclude>
    <ClInclude Include="include\dnai\commands\movenodecommand.h">
      <Filter>Header Files</Filter>
    </ClInclude>
    <CustomBuild Include="include\dnai\models\namespacebaritem.h">
      <Filter>Header Files</Filter>
    </CustomBuild>
    <CustomBuild Include="include\dnai\models\namespacebarmodel.h">
      <Filter>Header Files</Filter>
    </CustomBuild>
    <ClInclude Include="include\dnai\models\node.h">
      <Filter>Header Files</Filter>
    </ClInclude>
    <CustomBuild Include="include\dnai\http\observable.h">
      <Filter>Header Files</Filter>
    </CustomBuild>
    <ClInclude Include="include\dnai\models\output.h">
      <Filter>Header Files</Filter>
    </ClInclude>
    <ClInclude Include="include\dnai\views\output.h">
      <Filter>Header Files</Filter>
    </ClInclude>
    <ClInclude Include="include\dnai\controllers\outputcontroller.h">
      <Filter>Header Files</Filter>
    </ClInclude>
    <ClInclude Include="include\dnai\models\position.h">
      <Filter>Header Files</Filter>
    </ClInclude>
    <CustomBuild Include="include\dnai\processmanager.h">
      <Filter>Header Files</Filter>
    </CustomBuild>
    <ClInclude Include="include\dnai\project.h">
      <Filter>Header Files</Filter>
    </ClInclude>
    <CustomBuild Include="include\dnai\qmlresources\qcstandardpaths.h">
      <Filter>Header Files</Filter>
    </CustomBuild>
    <ClInclude Include="include\qmlresources.h">
      <Filter>Header Files</Filter>
    </ClInclude>
    <ClInclude Include="include\dnai\http\response.h">
      <Filter>Header Files</Filter>
    </ClInclude>
    <CustomBuild Include="include\dnai\views\roundedrectangle.h">
      <Filter>Header Files</Filter>
    </CustomBuild>
    <ClInclude Include="include\dnai\http\service.h">
      <Filter>Header Files</Filter>
    </ClInclude>
    <CustomBuild Include="include\dnai\settings.h">
      <Filter>Header Files</Filter>
    </CustomBuild>
    <CustomBuild Include="include\dnai\models\settingsmodel.h">
      <Filter>Header Files</Filter>
    </CustomBuild>
    <CustomBuild Include="include\testconnection.h">
      <Filter>Header Files</Filter>
    </CustomBuild>
    <CustomBuild Include="include\dnai\models\treeitem.h">
      <Filter>Header Files</Filter>
    </CustomBuild>
    <CustomBuild Include="include\dnai\models\treemodel.h">
      <Filter>Header Files</Filter>
    </CustomBuild>
    <ClInclude Include="include\dnai\http\types.h">
      <Filter>Header Files</Filter>
    </ClInclude>
    <CustomBuild Include="include\dnai\http\url.h">
      <Filter>Header Files</Filter>
    </CustomBuild>
    <CustomBuild Include="include\dnai\models\user.h">
      <Filter>Header Files</Filter>
    </CustomBuild>
    <ClInclude Include="include\dnai\models\variable.h">
      <Filter>Header Files</Filter>
    </ClInclude>
    <ClInclude Include="include\views.h">
      <Filter>Header Files</Filter>
    </ClInclude>
    <ClInclude Include="GeneratedFiles\ui_BasePanelForm.h">
      <Filter>Generated Files</Filter>
    </ClInclude>
  </ItemGroup>
  <ItemGroup>
    <ClCompile Include="debug\moc_declarationview.cpp">
      <Filter>Generated Files</Filter>
    </ClCompile>
    <ClCompile Include="release\moc_declarationview.cpp">
      <Filter>Generated Files</Filter>
    </ClCompile>
    <ClCompile Include="debug\moc_instructionid.cpp">
      <Filter>Generated Files</Filter>
    </ClCompile>
    <ClCompile Include="release\moc_instructionid.cpp">
      <Filter>Generated Files</Filter>
    </ClCompile>
    <CustomBuild Include="debug\moc_predefs.h.cbt">
      <Filter>Generated Files</Filter>
    </CustomBuild>
    <CustomBuild Include="release\moc_predefs.h.cbt">
      <Filter>Generated Files</Filter>
    </CustomBuild>
    <ClCompile Include="debug\moc_treeitem.cpp">
      <Filter>Generated Files</Filter>
    </ClCompile>
    <ClCompile Include="release\moc_treeitem.cpp">
      <Filter>Generated Files</Filter>
    </ClCompile>
  </ItemGroup>
  <ItemGroup>
    <CustomBuild Include="resources\Forms\BasePanelForm.ui">
      <Filter>Form Files</Filter>
    </CustomBuild>
    <CustomBuild Include="include\dnai\models\listnode.h">
      <Filter>Generated Files</Filter>
    </CustomBuild>
  </ItemGroup>
  <ItemGroup>
    <None Include="resources\Images\0001.png">
      <Filter>Resource Files</Filter>
    </None>
    <None Include="5">
      <Filter>Resource Files</Filter>
    </None>
    <None Include="resources\Nodes\Operator\BinaryOperator\AccessModel.qml">
      <Filter>Resource Files</Filter>
    </None>
    <None Include="resources\Components\AddButton.qml">
      <Filter>Resource Files</Filter>
    </None>
    <None Include="resources\Nodes\Operator\BinaryOperator\AddNodeModel.qml">
      <Filter>Resource Files</Filter>
    </None>
    <None Include="resources\Nodes\Operator\BinaryOperator\Logical\AndModel.qml">
      <Filter>Resource Files</Filter>
    </None>
    <None Include="Awesome">
      <Filter>Resource Files</Filter>
    </None>
    <None Include="resources\Nodes\Operator\UnaryOperator\BNotModel.qml">
      <Filter>Resource Files</Filter>
    </None>
    <None Include="resources\Layouts\BaseLayout.qml">
      <Filter>Resource Files</Filter>
    </None>
    <None Include="resources\Panels\BasePanel.qml">
      <Filter>Resource Files</Filter>
    </None>
    <None Include="resources\Forms\BasePanelForm.ui.qml">
      <Filter>Resource Files</Filter>
    </None>
    <None Include="resources\Images\BearSheet.png">
      <Filter>Resource Files</Filter>
    </None>
    <None Include="resources\Nodes\Operator\BinaryOperator\BinaryAndModel.qml">
      <Filter>Resource Files</Filter>
    </None>
    <None Include="resources\Nodes\Operator\BinaryOperatorModel.qml">
      <Filter>Resource Files</Filter>
    </None>
    <None Include="resources\Nodes\Operator\BinaryOperator\BinaryOrModel.qml">
      <Filter>Resource Files</Filter>
    </None>
    <None Include="Brands-Regular-400.otf">
      <Filter>Resource Files</Filter>
    </None>
    <None Include="resources\Forms\ChooseThemeForm.ui.qml">
      <Filter>Resource Files</Filter>
    </None>
    <None Include="resources\Panels\ChooseThemePanel.qml">
      <Filter>Resource Files</Filter>
    </None>
    <None Include="resources\Components\ClassContainer.qml">
      <Filter>Resource Files</Filter>
    </None>
    <None Include="resources\Models\ClassModel.qml">
      <Filter>Resource Files</Filter>
    </None>
    <None Include="resources\Components\ClassView.qml">
      <Filter>Resource Files</Filter>
    </None>
    <None Include="resources\Components\ColorPicker.qml">
      <Filter>Resource Files</Filter>
    </None>
    <None Include="resources\Forms\ColorPickerForm.ui.qml">
      <Filter>Resource Files</Filter>
    </None>
    <None Include="resources\Models\ColorPickerModel.qml">
      <Filter>Resource Files</Filter>
    </None>
    <None Include="resources\Components\CommonModelView.qml">
      <Filter>Resource Files</Filter>
    </None>
    <None Include="resources\Components\ConsoleComponent.qml">
      <Filter>Resource Files</Filter>
    </None>
    <None Include="resources\Forms\ConsoleForm.ui.qml">
      <Filter>Resource Files</Filter>
    </None>
    <None Include="resources\Components\Container.qml">
      <Filter>Resource Files</Filter>
    </None>
    <None Include="resources\Forms\ContainerForm.ui.qml">
      <Filter>Resource Files</Filter>
    </None>
    <None Include="resources\Components\ContextContainer.qml">
      <Filter>Resource Files</Filter>
    </None>
    <None Include="resources\Models\ContextModel.qml">
      <Filter>Resource Files</Filter>
    </None>
    <None Include="resources\Components\ContextView.qml">
      <Filter>Resource Files</Filter>
    </None>
    <None Include="resources\JavaScript\CreateComponent.js">
      <Filter>Resource Files</Filter>
    </None>
    <None Include="resources\Controls\DMenu.qml">
      <Filter>Resource Files</Filter>
    </None>
    <None Include="resources\Controls\DMenuItem.qml">
      <Filter>Resource Files</Filter>
    </None>
    <None Include="resources\Controls\DToolButton.qml">
      <Filter>Resource Files</Filter>
    </None>
    <None Include="resources\Components\DeclarationComponent.qml">
      <Filter>Resource Files</Filter>
    </None>
    <None Include="resources\Components\DeclarationList.qml">
      <Filter>Resource Files</Filter>
    </None>
    <None Include="resources\Models\DeclarationModel.qml">
      <Filter>Resource Files</Filter>
    </None>
    <None Include="resources\Models\DeclarationModelDelegate.qml">
      <Filter>Resource Files</Filter>
    </None>
    <None Include="resources\Components\DeclarationView.qml">
      <Filter>Resource Files</Filter>
    </None>
    <None Include="resources\Style\DecorativeText.qml">
      <Filter>Resource Files</Filter>
    </None>
    <None Include="resources\Nodes\Operator\UnaryOperator\DecrementModel.qml">
      <Filter>Resource Files</Filter>
    </None>
    <None Include="resources\Panels\DefaultPanel.qml">
      <Filter>Resource Files</Filter>
    </None>
    <None Include="resources\Nodes\Operator\BinaryOperator\Logical\DifferentModel.qml">
      <Filter>Resource Files</Filter>
    </None>
    <None Include="resources\Nodes\Operator\BinaryOperator\DivideModel.qml">
      <Filter>Resource Files</Filter>
    </None>
    <None Include="resources\Components\DragAndDropItem.qml">
      <Filter>Resource Files</Filter>
    </None>
    <None Include="resources\Panels\DragAndDropPanel.qml">
      <Filter>Resource Files</Filter>
    </None>
    <None Include="resources\Components\DragDropItem.qml">
      <Filter>Resource Files</Filter>
    </None>
    <None Include="resources\Components\DropDown.qml">
      <Filter>Resource Files</Filter>
    </None>
    <None Include="resources\Forms\DropDownForm.ui.qml">
      <Filter>Resource Files</Filter>
    </None>
    <None Include="resources\Style\EditableText.qml">
      <Filter>Resource Files</Filter>
    </None>
    <None Include="resources\Nodes\Operator\BinaryOperator\Logical\EqualModel.qml">
      <Filter>Resource Files</Filter>
    </None>
    <None Include="resources\Panels\ExpendablePanel.qml">
      <Filter>Resource Files</Filter>
    </None>
    <None Include="resources\Style\FontAwesomeButton.qml">
      <Filter>Resource Files</Filter>
    </None>
    <None Include="resources\Style\FontAwesomeText.qml">
      <Filter>Resource Files</Filter>
    </None>
    <None Include="resources\Style\FontAwesomeTextBrand.qml">
      <Filter>Resource Files</Filter>
    </None>
    <None Include="resources\Style\FontAwesomeTextSolid.qml">
      <Filter>Resource Files</Filter>
    </None>
    <None Include="resources\fonts\Font">
      <Filter>Resource Files</Filter>
    </None>
    <None Include="Free-Regular-400.otf">
      <Filter>Resource Files</Filter>
    </None>
    <None Include="Free-Solid-900.otf">
      <Filter>Resource Files</Filter>
    </None>
    <None Include="resources\Components\FunctionComponent.qml">
      <Filter>Resource Files</Filter>
    </None>
    <None Include="resources\Components\FunctionContainer.qml">
      <Filter>Resource Files</Filter>
    </None>
    <None Include="resources\Models\FunctionModel.qml">
      <Filter>Resource Files</Filter>
    </None>
    <None Include="resources\Nodes\Operator\BinaryOperator\Logical\GreaterEqualModel.qml">
      <Filter>Resource Files</Filter>
    </None>
    <None Include="resources\Nodes\Operator\BinaryOperator\Logical\GreaterModel.qml">
      <Filter>Resource Files</Filter>
    </None>
    <None Include="resources\Nodes\Operator\UnaryOperator\IncrementModel.qml">
      <Filter>Resource Files</Filter>
    </None>
    <None Include="resources\Models\LanguageModel.qml">
      <Filter>Resource Files</Filter>
    </None>
    <None Include="resources\Panels\LanguagePanel.qml">
      <Filter>Resource Files</Filter>
    </None>
    <None Include="resources\Forms\LanguagePanelForm.ui.qml">
      <Filter>Resource Files</Filter>
    </None>
    <None Include="resources\Layouts\LayoutClassic.qml">
      <Filter>Resource Files</Filter>
    </None>
    <None Include="resources\Layouts\Layout_1.qml">
      <Filter>Resource Files</Filter>
    </None>
    <None Include="resources\Nodes\Operator\BinaryOperator\LeftShiftModel.qml">
      <Filter>Resource Files</Filter>
    </None>
    <None Include="resources\Nodes\Operator\BinaryOperator\Logical\LessEqualModel.qml">
      <Filter>Resource Files</Filter>
    </None>
    <None Include="resources\Nodes\Operator\BinaryOperator\Logical\LessModel.qml">
      <Filter>Resource Files</Filter>
    </None>
    <None Include="resources\Images\LoadingScreen.png">
      <Filter>Resource Files</Filter>
    </None>
    <None Include="resources\Images\LoadingSprite.png">
      <Filter>Resource Files</Filter>
    </None>
    <None Include="resources\Nodes\Operator\BinaryOperator\LogicalNodeModel.qml">
      <Filter>Resource Files</Filter>
    </None>
    <None Include="resources\Panels\Login.qml">
      <Filter>Resource Files</Filter>
    </None>
    <None Include="resources\Forms\LoginForm.ui.qml">
      <Filter>Resource Files</Filter>
    </None>
    <None Include="resources\Style\MButton.qml">
      <Filter>Resource Files</Filter>
    </None>
    <None Include="resources\Style\MLabel.qml">
      <Filter>Resource Files</Filter>
    </None>
    <None Include="resources\Style\MText.qml">
      <Filter>Resource Files</Filter>
    </None>
    <None Include="resources\Components\Modal.qml">
      <Filter>Resource Files</Filter>
    </None>
    <None Include="resources\Nodes\Operator\BinaryOperator\ModuloModel.qml">
      <Filter>Resource Files</Filter>
    </None>
    <None Include="resources\Nodes\Operator\BinaryOperator\MultiplicateModel.qml">
      <Filter>Resource Files</Filter>
    </None>
    <None Include="resources\Panels\NewProject.qml">
      <Filter>Resource Files</Filter>
    </None>
    <None Include="resources\Forms\NewProjectForm.ui.qml">
      <Filter>Resource Files</Filter>
    </None>
    <None Include="resources\Components\Node.qml">
      <Filter>Resource Files</Filter>
    </None>
    <None Include="resources\Components\NodeCanvas.qml">
      <Filter>Resource Files</Filter>
    </None>
    <None Include="resources\Forms\NodeForm.ui.qml">
      <Filter>Resource Files</Filter>
    </None>
    <None Include="resources\Nodes\NodeModel.qml">
      <Filter>Resource Files</Filter>
    </None>
    <None Include="resources\Components\NodeModelViewer.qml">
      <Filter>Resource Files</Filter>
    </None>
    <None Include="resources\Panels\NodePanel.qml">
      <Filter>Resource Files</Filter>
    </None>
    <None Include="resources\Forms\NodePanelForm.ui.qml">
      <Filter>Resource Files</Filter>
    </None>
    <None Include="resources\Nodes\Operator\UnaryOperator\NotModel.qml">
      <Filter>Resource Files</Filter>
    </None>
    <None Include="resources\Panels\OpenProject.qml">
      <Filter>Resource Files</Filter>
    </None>
    <None Include="resources\Forms\OpenProjectForm.ui.qml">
      <Filter>Resource Files</Filter>
    </None>
    <None Include="resources\Nodes\Operator\BinaryOperator\Logical\OrModel.qml">
      <Filter>Resource Files</Filter>
    </None>
    <None Include="resources\Panels\Panel.qml">
      <Filter>Resource Files</Filter>
    </None>
    <None Include="resources\Panels\PanelLeft.qml">
      <Filter>Resource Files</Filter>
    </None>
    <None Include="resources\Panels\PanelRight.qml">
      <Filter>Resource Files</Filter>
    </None>
    <None Include="resources\Panels\PanelTop.qml">
      <Filter>Resource Files</Filter>
    </None>
    <None Include="resources\fonts\Playball.ttf">
      <Filter>Resource Files</Filter>
    </None>
    <None Include="resources\Components\Printer.qml">
      <Filter>Resource Files</Filter>
    </None>
    <None Include="resources\Nodes\Operator\UnaryOperator\ReverseModel.qml">
      <Filter>Resource Files</Filter>
    </None>
    <None Include="resources\Nodes\Operator\BinaryOperator\RightShiftModel.qml">
      <Filter>Resource Files</Filter>
    </None>
    <None Include="resources\Panels\SettingPanel.qml">
      <Filter>Resource Files</Filter>
    </None>
    <None Include="resources\Forms\SettingPanelForm.ui.qml">
      <Filter>Resource Files</Filter>
    </None>
    <None Include="resources\Components\SplashScreen.qml">
      <Filter>Resource Files</Filter>
    </None>
    <None Include="resources\Components\Splitter.qml">
      <Filter>Resource Files</Filter>
    </None>
    <None Include="resources\Nodes\Operator\BinaryOperator\SubstractModel.qml">
      <Filter>Resource Files</Filter>
    </None>
    <None Include="resources\Components\TabButtonRounded.qml">
      <Filter>Resource Files</Filter>
    </None>
    <None Include="resources\Models\TestModel.qml">
      <Filter>Resource Files</Filter>
    </None>
    <None Include="resources\Components\TestNode.qml">
      <Filter>Resource Files</Filter>
    </None>
    <None Include="resources\Models\ThemeModel.qml">
      <Filter>Resource Files</Filter>
    </None>
    <None Include="resources\Panels\ThemePanel.qml">
      <Filter>Resource Files</Filter>
    </None>
    <None Include="resources\Forms\ThemePanelForm.ui.qml">
      <Filter>Resource Files</Filter>
    </None>
    <None Include="resources\Style\Title1.qml">
      <Filter>Resource Files</Filter>
    </None>
    <None Include="resources\Style\Title2.qml">
      <Filter>Resource Files</Filter>
    </None>
    <None Include="resources\Style\Title3.qml">
      <Filter>Resource Files</Filter>
    </None>
    <None Include="resources\Style\TitlePanel.qml">
      <Filter>Resource Files</Filter>
    </None>
    <None Include="resources\Components\ToolBarHeader.qml">
      <Filter>Resource Files</Filter>
    </None>
    <None Include="resources\Components\TreeViewPanel.qml">
      <Filter>Resource Files</Filter>
    </None>
    <None Include="resources\Nodes\Operator\UnaryOperatorModel.qml">
      <Filter>Resource Files</Filter>
    </None>
    <None Include="resources\Panels\Upload.qml">
      <Filter>Resource Files</Filter>
    </None>
    <None Include="resources\Forms\UploadForm.ui.qml">
      <Filter>Resource Files</Filter>
    </None>
    <None Include="resources\Components\UserMenu.qml">
      <Filter>Resource Files</Filter>
    </None>
    <None Include="resources\Forms\UserMenuForm.ui.qml">
      <Filter>Resource Files</Filter>
    </None>
    <None Include="resources\Components\VariableContainer.qml">
      <Filter>Resource Files</Filter>
    </None>
    <None Include="resources\Models\VariableModel.qml">
      <Filter>Resource Files</Filter>
    </None>
    <None Include="resources\Images\WindowHandle.png">
      <Filter>Resource Files</Filter>
    </None>
    <None Include="resources\Nodes\Operator\BinaryOperator\XorModel.qml">
      <Filter>Resource Files</Filter>
    </None>
    <None Include="resources\fonts\consola.ttf">
      <Filter>Resource Files</Filter>
    </None>
    <None Include="resources\fonts\consolab.ttf">
      <Filter>Resource Files</Filter>
    </None>
    <None Include="resources\fonts\consolai.ttf">
      <Filter>Resource Files</Filter>
    </None>
    <None Include="resources\fonts\consolaz.ttf">
      <Filter>Resource Files</Filter>
    </None>
    <None Include="settings\themes\dark.json">
      <Filter>Resource Files</Filter>
    </None>
    <None Include="settings\themes\dark1.json">
      <Filter>Resource Files</Filter>
    </None>
    <None Include="resources\Images\default_user.png">
      <Filter>Resource Files</Filter>
    </None>
    <None Include="settings\themes\light.json">
      <Filter>Resource Files</Filter>
    </None>
    <None Include="resources\Images\logo_300dpi_dnai.png">
      <Filter>Resource Files</Filter>
    </None>
    <None Include="resources\main.qml">
      <Filter>Resource Files</Filter>
    </None>
    <CustomBuild Include="qml.qrc">
      <Filter>Resource Files</Filter>
    </CustomBuild>
    <None Include="qtquickcontrols2.conf">
      <Filter>Resource Files</Filter>
    </None>
  </ItemGroup>
  <ItemGroup>
    <ResourceCompile Include="dnai.rc" />
  </ItemGroup>
  <ItemGroup>
    <Font Include="resources\fonts\Font Awesome 5 Brands-Regular-400.otf">
      <Filter>Resource Files</Filter>
    </Font>
    <Font Include="resources\fonts\Font Awesome 5 Free-Regular-400.otf">
      <Filter>Resource Files</Filter>
    </Font>
    <Font Include="resources\fonts\Font Awesome 5 Free-Solid-900.otf">
      <Filter>Resource Files</Filter>
    </Font>
  </ItemGroup>
</Project>