<?xml version="1.0" encoding="utf-8"?>
<Project xmlns="http://schemas.microsoft.com/developer/msbuild/2003">
  <ItemGroup>
    <Filter Include="Generated Files">
      <UniqueIdentifier>{71ED8ED8-ACB9-4CE9-BBE1-E00B30144E11}</UniqueIdentifier>
      <Extensions>cpp;c;cxx;moc;h;def;odl;idl;res;</Extensions>
    </Filter>
    <Filter Include="Generated Files">
      <UniqueIdentifier>{71ED8ED8-ACB9-4CE9-BBE1-E00B30144E11}</UniqueIdentifier>
      <Extensions>cpp;c;cxx;moc;h;def;odl;idl;res;</Extensions>
    </Filter>
    <Filter Include="Header Files">
      <UniqueIdentifier>{93995380-89BD-4b04-88EB-625FBE52EBFB}</UniqueIdentifier>
      <Extensions>h;hpp;hxx;hm;inl;inc;xsd</Extensions>
    </Filter>
    <Filter Include="Header Files">
      <UniqueIdentifier>{93995380-89BD-4b04-88EB-625FBE52EBFB}</UniqueIdentifier>
      <Extensions>h;hpp;hxx;hm;inl;inc;xsd</Extensions>
    </Filter>
    <Filter Include="Resource Files">
      <UniqueIdentifier>{D9D6E242-F8AF-46E4-B9FD-80ECBC20BA3E}</UniqueIdentifier>
      <Extensions>qrc;*</Extensions>
      <ParseFiles>false</ParseFiles>
    </Filter>
    <Filter Include="Resource Files">
      <UniqueIdentifier>{D9D6E242-F8AF-46E4-B9FD-80ECBC20BA3E}</UniqueIdentifier>
      <Extensions>qrc;*</Extensions>
      <ParseFiles>false</ParseFiles>
    </Filter>
    <Filter Include="Source Files">
      <UniqueIdentifier>{4FC737F1-C7A5-4376-A066-2A32D752A2FF}</UniqueIdentifier>
      <Extensions>cpp;c;cxx;def;odl;idl;hpj;bat;asm;asmx</Extensions>
    </Filter>
    <Filter Include="Source Files">
      <UniqueIdentifier>{4FC737F1-C7A5-4376-A066-2A32D752A2FF}</UniqueIdentifier>
      <Extensions>cpp;c;cxx;def;odl;idl;hpj;bat;asm;asmx</Extensions>
    </Filter>
  </ItemGroup>
  <ItemGroup>
    <ClCompile Include="src\baseio.cpp">
      <Filter>Source Files</Filter>
    </ClCompile>
    <ClCompile Include="src\baselinkable.cpp">
      <Filter>Source Files</Filter>
    </ClCompile>
    <ClCompile Include="src\beziercurve.cpp">
      <Filter>Source Files</Filter>
    </ClCompile>
    <ClCompile Include="src\commands\commanddecorator.cpp">
      <Filter>Source Files</Filter>
    </ClCompile>
    <ClCompile Include="src\commands\commandmanager.cpp">
      <Filter>Source Files</Filter>
    </ClCompile>
    <ClCompile Include="src\customshape.cpp">
      <Filter>Source Files</Filter>
    </ClCompile>
    <ClCompile Include="src\commands\debugdecorator.cpp">
      <Filter>Source Files</Filter>
    </ClCompile>
    <ClCompile Include="src\dulycanvas.cpp">
      <Filter>Source Files</Filter>
    </ClCompile>
    <ClCompile Include="src\dulyscene.cpp">
      <Filter>Source Files</Filter>
    </ClCompile>
    <ClCompile Include="src\eventutilities.cpp">
      <Filter>Source Files</Filter>
    </ClCompile>
    <ClCompile Include="src\flow.cpp">
      <Filter>Source Files</Filter>
    </ClCompile>
    <ClCompile Include="src\focusmanager.cpp">
      <Filter>Source Files</Filter>
    </ClCompile>
    <ClCompile Include="src\genericnode.cpp">
      <Filter>Source Files</Filter>
    </ClCompile>
    <ClCompile Include="src\input.cpp">
      <Filter>Source Files</Filter>
    </ClCompile>
    <ClCompile Include="src\io.cpp">
      <Filter>Source Files</Filter>
    </ClCompile>
    <ClCompile Include="src\ioquickitem.cpp">
      <Filter>Source Files</Filter>
    </ClCompile>
    <ClCompile Include="src\line.cpp">
      <Filter>Source Files</Filter>
    </ClCompile>
    <ClCompile Include="src\link.cpp">
      <Filter>Source Files</Filter>
    </ClCompile>
    <ClCompile Include="src\linkablebezieritem.cpp">
      <Filter>Source Files</Filter>
    </ClCompile>
    <ClCompile Include="src\main.cpp">
      <Filter>Source Files</Filter>
    </ClCompile>
    <ClCompile Include="src\commands\moveCommand.cpp">
      <Filter>Source Files</Filter>
    </ClCompile>
    <ClCompile Include="src\output.cpp">
      <Filter>Source Files</Filter>
    </ClCompile>
    <ClCompile Include="src\roundedrectangle.cpp">
      <Filter>Source Files</Filter>
    </ClCompile>
    <ClCompile Include="src\scalableitem.cpp">
      <Filter>Source Files</Filter>
    </ClCompile>
    <ClCompile Include="Debug\moc_flow.cpp">
      <Filter>Generated Files</Filter>
    </ClCompile>
    <ClCompile Include="Release\moc_flow.cpp">
      <Filter>Generated Files</Filter>
    </ClCompile>
    <ClCompile Include="Debug\moc_dulyscene.cpp">
      <Filter>Generated Files</Filter>
    </ClCompile>
    <ClCompile Include="Release\moc_dulyscene.cpp">
      <Filter>Generated Files</Filter>
    </ClCompile>
    <ClCompile Include="Debug\moc_dulycanvas.cpp">
      <Filter>Generated Files</Filter>
    </ClCompile>
    <ClCompile Include="Release\moc_dulycanvas.cpp">
      <Filter>Generated Files</Filter>
    </ClCompile>
    <ClCompile Include="Debug\moc_customshape.cpp">
      <Filter>Generated Files</Filter>
    </ClCompile>
    <ClCompile Include="Release\moc_customshape.cpp">
      <Filter>Generated Files</Filter>
    </ClCompile>
    <ClCompile Include="Debug\moc_line.cpp">
      <Filter>Generated Files</Filter>
    </ClCompile>
    <ClCompile Include="Release\moc_line.cpp">
      <Filter>Generated Files</Filter>
    </ClCompile>
    <ClCompile Include="Debug\moc_ioquickitem.cpp">
      <Filter>Generated Files</Filter>
    </ClCompile>
    <ClCompile Include="Release\moc_ioquickitem.cpp">
      <Filter>Generated Files</Filter>
    </ClCompile>
    <ClCompile Include="Debug\moc_beziercurve.cpp">
      <Filter>Generated Files</Filter>
    </ClCompile>
    <ClCompile Include="Release\moc_beziercurve.cpp">
      <Filter>Generated Files</Filter>
    </ClCompile>
    <ClCompile Include="Debug\moc_scalableitem.cpp">
      <Filter>Generated Files</Filter>
    </ClCompile>
    <ClCompile Include="Release\moc_scalableitem.cpp">
      <Filter>Generated Files</Filter>
    </ClCompile>
    <ClCompile Include="Debug\moc_roundedrectangle.cpp">
      <Filter>Generated Files</Filter>
    </ClCompile>
    <ClCompile Include="Release\moc_roundedrectangle.cpp">
      <Filter>Generated Files</Filter>
    </ClCompile>
    <ClCompile Include="Debug\moc_io.cpp">
      <Filter>Generated Files</Filter>
    </ClCompile>
    <ClCompile Include="Release\moc_io.cpp">
      <Filter>Generated Files</Filter>
    </ClCompile>
    <ClCompile Include="Debug\moc_genericnode.cpp">
      <Filter>Generated Files</Filter>
    </ClCompile>
    <ClCompile Include="Release\moc_genericnode.cpp">
      <Filter>Generated Files</Filter>
    </ClCompile>
    <ClCompile Include="Debug\moc_resourcesnode.cpp">
      <Filter>Generated Files</Filter>
    </ClCompile>
    <ClCompile Include="Release\moc_resourcesnode.cpp">
      <Filter>Generated Files</Filter>
    </ClCompile>
    <ClCompile Include="Debug\moc_observablelist.cpp">
      <Filter>Generated Files</Filter>
    </ClCompile>
    <ClCompile Include="Release\moc_observablelist.cpp">
      <Filter>Generated Files</Filter>
    </ClCompile>
    <ClCompile Include="GeneratedFiles\qrc_qml.cpp">
      <Filter>Generated Files</Filter>
    </ClCompile>
  </ItemGroup>
  <ItemGroup>
    <ClInclude Include="include\baseio.h">
      <Filter>Header Files</Filter>
    </ClInclude>
    <ClInclude Include="include\baselinkable.h">
      <Filter>Header Files</Filter>
    </ClInclude>
    <CustomBuild Include="include\beziercurve.h">
      <Filter>Header Files</Filter>
    </CustomBuild>
    <ClInclude Include="include\commands\commanddecorator.h">
      <Filter>Header Files</Filter>
    </ClInclude>
    <ClInclude Include="include\commands\commandmanager.h">
      <Filter>Header Files</Filter>
    </ClInclude>
    <CustomBuild Include="include\customshape.h">
      <Filter>Header Files</Filter>
    </CustomBuild>
    <ClInclude Include="include\commands\debugdecorator.h">
      <Filter>Header Files</Filter>
    </ClInclude>
    <CustomBuild Include="include\dulycanvas.h">
      <Filter>Header Files</Filter>
    </CustomBuild>
    <CustomBuild Include="include\dulyscene.h">
      <Filter>Header Files</Filter>
    </CustomBuild>
    <ClInclude Include="include\eventutilities.h">
      <Filter>Header Files</Filter>
    </ClInclude>
    <CustomBuild Include="include\flow.h">
      <Filter>Header Files</Filter>
    </CustomBuild>
    <ClInclude Include="include\focusmanager.h">
      <Filter>Header Files</Filter>
    </ClInclude>
    <CustomBuild Include="include\genericnode.h">
      <Filter>Header Files</Filter>
    </CustomBuild>
    <ClInclude Include="include\commands\icommand.h">
      <Filter>Header Files</Filter>
    </ClInclude>
    <ClInclude Include="include\ilinkable.h">
      <Filter>Header Files</Filter>
    </ClInclude>
    <ClInclude Include="include\input.h">
      <Filter>Header Files</Filter>
    </ClInclude>
    <CustomBuild Include="include\io.h">
      <Filter>Header Files</Filter>
    </CustomBuild>
    <CustomBuild Include="include\ioquickitem.h">
      <Filter>Header Files</Filter>
    </CustomBuild>
    <ClInclude Include="include\iscalable.h">
      <Filter>Header Files</Filter>
    </ClInclude>
    <CustomBuild Include="include\line.h">
      <Filter>Header Files</Filter>
    </CustomBuild>
    <ClInclude Include="include\link.h">
      <Filter>Header Files</Filter>
    </ClInclude>
    <ClInclude Include="include\linkablebezieritem.h">
      <Filter>Header Files</Filter>
    </ClInclude>
    <ClInclude Include="include\linkabletype.h">
      <Filter>Header Files</Filter>
    </ClInclude>
    <ClInclude Include="include\commands\moveCommand.h">
      <Filter>Header Files</Filter>
    </ClInclude>
    <CustomBuild Include="include\observablelist.h">
      <Filter>Header Files</Filter>
    </CustomBuild>
    <ClInclude Include="include\output.h">
      <Filter>Header Files</Filter>
    </ClInclude>
    <CustomBuild Include="include\resourcesnode.h">
      <Filter>Header Files</Filter>
    </CustomBuild>
    <CustomBuild Include="include\roundedrectangle.h">
      <Filter>Header Files</Filter>
    </CustomBuild>
    <CustomBuild Include="include\scalableitem.h">
      <Filter>Header Files</Filter>
    </CustomBuild>
  </ItemGroup>
  <ItemGroup>
    <CustomBuild Include="debug\moc_predefs.h.cbt">
      <Filter>Generated Files</Filter>
    </CustomBuild>
    <CustomBuild Include="release\moc_predefs.h.cbt">
      <Filter>Generated Files</Filter>
    </CustomBuild>
  </ItemGroup>
  <ItemGroup>
    <None Include="Resources\Nodes\Operator\BinaryOperator\AccessModel.qml">
      <Filter>Resource Files</Filter>
    </None>
    <None Include="Resources\Nodes\Operator\BinaryOperator\AddNodeModel.qml">
      <Filter>Resource Files</Filter>
    </None>
    <None Include="Resources\Nodes\Operator\BinaryOperator\Logical\AndModel.qml">
      <Filter>Resource Files</Filter>
    </None>
    <None Include="Resources\Nodes\Operator\UnaryOperator\BNotModel.qml">
      <Filter>Resource Files</Filter>
    </None>
    <None Include="Resources\Nodes\Operator\BinaryOperator\BinaryAndModel.qml">
      <Filter>Resource Files</Filter>
    </None>
    <None Include="Resources\Nodes\Operator\BinaryOperatorModel.qml">
      <Filter>Resource Files</Filter>
    </None>
    <None Include="Resources\Nodes\Operator\BinaryOperator\BinaryOrModel.qml">
      <Filter>Resource Files</Filter>
    </None>
    <None Include="Resources\Components\ColorPicker.qml">
      <Filter>Resource Files</Filter>
    </None>
    <None Include="Resources\Forms\ColorPickerForm.ui.qml">
      <Filter>Resource Files</Filter>
    </None>
    <None Include="Resources\Models\ColorPickerModel.qml">
      <Filter>Resource Files</Filter>
    </None>
    <None Include="Resources\Components\Container.qml">
      <Filter>Resource Files</Filter>
    </None>
    <None Include="Resources\Nodes\Operator\UnaryOperator\DecrementModel.qml">
      <Filter>Resource Files</Filter>
    </None>
    <None Include="Resources\Nodes\Operator\BinaryOperator\Logical\DifferentModel.qml">
      <Filter>Resource Files</Filter>
    </None>
    <None Include="Resources\Nodes\Operator\BinaryOperator\DivideModel.qml">
      <Filter>Resource Files</Filter>
    </None>
    <None Include="Resources\Components\DropDown.qml">
      <Filter>Resource Files</Filter>
    </None>
    <None Include="Resources\Forms\DropDownForm.ui.qml">
      <Filter>Resource Files</Filter>
    </None>
    <None Include="Resources\Nodes\Operator\BinaryOperator\Logical\EqualModel.qml">
      <Filter>Resource Files</Filter>
    </None>
    <None Include="Resources\Nodes\Operator\BinaryOperator\Logical\GreaterEqualModel.qml">
      <Filter>Resource Files</Filter>
    </None>
    <None Include="Resources\Nodes\Operator\BinaryOperator\Logical\GreaterModel.qml">
      <Filter>Resource Files</Filter>
    </None>
    <None Include="Resources\Nodes\Operator\UnaryOperator\IncrementModel.qml">
      <Filter>Resource Files</Filter>
    </None>
    <None Include="Resources\Models\LanguageModel.qml">
      <Filter>Resource Files</Filter>
    </None>
    <None Include="Resources\Panels\LanguagePanel.qml">
      <Filter>Resource Files</Filter>
    </None>
    <None Include="Resources\Forms\LanguagePanelForm.ui.qml">
      <Filter>Resource Files</Filter>
    </None>
    <None Include="Resources\Nodes\Operator\BinaryOperator\LeftShiftModel.qml">
      <Filter>Resource Files</Filter>
    </None>
    <None Include="Resources\Nodes\Operator\BinaryOperator\Logical\LessEqualModel.qml">
      <Filter>Resource Files</Filter>
    </None>
    <None Include="Resources\Nodes\Operator\BinaryOperator\Logical\LessModel.qml">
      <Filter>Resource Files</Filter>
    </None>
    <None Include="Resources\Nodes\Operator\BinaryOperator\LogicalNodeModel.qml">
      <Filter>Resource Files</Filter>
    </None>
    <None Include="Resources\Nodes\Operator\BinaryOperator\ModuloModel.qml">
      <Filter>Resource Files</Filter>
    </None>
    <None Include="Resources\Nodes\Operator\BinaryOperator\MultiplicateModel.qml">
      <Filter>Resource Files</Filter>
    </None>
    <None Include="Resources\Components\Node.qml">
      <Filter>Resource Files</Filter>
    </None>
    <None Include="Resources\Forms\NodeForm.ui.qml">
      <Filter>Resource Files</Filter>
    </None>
    <None Include="Resources\Nodes\NodeModel.qml">
      <Filter>Resource Files</Filter>
    </None>
    <None Include="Resources\Panels\NodePanel.qml">
      <Filter>Resource Files</Filter>
    </None>
    <None Include="Resources\Forms\NodePanelForm.ui.qml">
      <Filter>Resource Files</Filter>
    </None>
    <None Include="Resources\Nodes\Operator\UnaryOperator\NotModel.qml">
      <Filter>Resource Files</Filter>
    </None>
    <None Include="Resources\Nodes\Operator\BinaryOperator\Logical\OrModel.qml">
      <Filter>Resource Files</Filter>
    </None>
    <None Include="Resources\Nodes\Operator\UnaryOperator\ReverseModel.qml">
      <Filter>Resource Files</Filter>
    </None>
    <None Include="Resources\Nodes\Operator\BinaryOperator\RightShiftModel.qml">
      <Filter>Resource Files</Filter>
    </None>
    <None Include="Resources\Panels\SettingPanel.qml">
      <Filter>Resource Files</Filter>
    </None>
    <None Include="Resources\Forms\SettingPanelForm.ui.qml">
      <Filter>Resource Files</Filter>
    </None>
    <None Include="Resources\Nodes\Operator\BinaryOperator\SubstractModel.qml">
      <Filter>Resource Files</Filter>
    </None>
    <None Include="Resources\Models\ThemeModel.qml">
      <Filter>Resource Files</Filter>
    </None>
    <None Include="Resources\Panels\ThemePanel.qml">
      <Filter>Resource Files</Filter>
    </None>
    <None Include="Resources\Forms\ThemePanelForm.ui.qml">
      <Filter>Resource Files</Filter>
    </None>
    <None Include="Resources\Components\ToolBarHeader.qml">
      <Filter>Resource Files</Filter>
    </None>
    <None Include="Resources\Nodes\Operator\UnaryOperatorModel.qml">
      <Filter>Resource Files</Filter>
    </None>
    <None Include="Resources\Nodes\Operator\BinaryOperator\XorModel.qml">
      <Filter>Resource Files</Filter>
    </None>
    <None Include="main.qml">
      <Filter>Resource Files</Filter>
    </None>
    <CustomBuild Include="qml.qrc">
      <Filter>Resource Files</Filter>
    </CustomBuild>
    <None Include="qtquickcontrols2.conf">
      <Filter>Resource Files</Filter>
    </None>
  </ItemGroup>
</Project>