<?xml version="1.0" encoding="utf-8"?>
<Project xmlns="http://schemas.microsoft.com/developer/msbuild/2003">
  <ItemGroup>
    <Filter Include="Generated Files">
      <UniqueIdentifier>{71ED8ED8-ACB9-4CE9-BBE1-E00B30144E11}</UniqueIdentifier>
      <Extensions>cpp;c;cxx;moc;h;def;odl;idl;res;</Extensions>
    </Filter>
    <Filter Include="Generated Files">
      <UniqueIdentifier>{71ED8ED8-ACB9-4CE9-BBE1-E00B30144E11}</UniqueIdentifier>
      <Extensions>cpp;c;cxx;moc;h;def;odl;idl;res;</Extensions>
    </Filter>
    <Filter Include="Header Files">
      <UniqueIdentifier>{93995380-89BD-4b04-88EB-625FBE52EBFB}</UniqueIdentifier>
      <Extensions>h;hpp;hxx;hm;inl;inc;xsd</Extensions>
    </Filter>
    <Filter Include="Header Files">
      <UniqueIdentifier>{93995380-89BD-4b04-88EB-625FBE52EBFB}</UniqueIdentifier>
      <Extensions>h;hpp;hxx;hm;inl;inc;xsd</Extensions>
    </Filter>
    <Filter Include="Resource Files">
      <UniqueIdentifier>{D9D6E242-F8AF-46E4-B9FD-80ECBC20BA3E}</UniqueIdentifier>
      <Extensions>qrc;*</Extensions>
      <ParseFiles>false</ParseFiles>
    </Filter>
    <Filter Include="Resource Files">
      <UniqueIdentifier>{D9D6E242-F8AF-46E4-B9FD-80ECBC20BA3E}</UniqueIdentifier>
      <Extensions>qrc;*</Extensions>
      <ParseFiles>false</ParseFiles>
    </Filter>
    <Filter Include="Source Files">
      <UniqueIdentifier>{4FC737F1-C7A5-4376-A066-2A32D752A2FF}</UniqueIdentifier>
      <Extensions>cpp;c;cxx;def;odl;idl;hpj;bat;asm;asmx</Extensions>
    </Filter>
    <Filter Include="Source Files">
      <UniqueIdentifier>{4FC737F1-C7A5-4376-A066-2A32D752A2FF}</UniqueIdentifier>
      <Extensions>cpp;c;cxx;def;odl;idl;hpj;bat;asm;asmx</Extensions>
    </Filter>
    <Filter Include="Header Files\View">
      <UniqueIdentifier>{8c49ff94-0224-4841-9215-f16149de280c}</UniqueIdentifier>
    </Filter>
  </ItemGroup>
  <ItemGroup>
    <ClCompile Include="src\baseio.cpp">
      <Filter>Source Files</Filter>
    </ClCompile>
    <ClCompile Include="src\baselinkable.cpp">
      <Filter>Source Files</Filter>
    </ClCompile>
    <ClCompile Include="src\views\beziercurve.cpp">
      <Filter>Source Files</Filter>
    </ClCompile>
    <ClCompile Include="src\models\class.cpp">
      <Filter>Source Files</Filter>
    </ClCompile>
    <ClCompile Include="src\views\class.cpp">
      <Filter>Source Files</Filter>
    </ClCompile>
    <ClCompile Include="src\commands\command.cpp">
      <Filter>Source Files</Filter>
    </ClCompile>
    <ClCompile Include="src\commands\commanddecorator.cpp">
      <Filter>Source Files</Filter>
    </ClCompile>
    <ClCompile Include="src\commands\commandmanager.cpp">
      <Filter>Source Files</Filter>
    </ClCompile>
    <ClCompile Include="src\models\common.cpp">
      <Filter>Source Files</Filter>
    </ClCompile>
    <ClCompile Include="src\views\console.cpp">
      <Filter>Source Files</Filter>
    </ClCompile>
    <ClCompile Include="src\controllers\consolecontroller.cpp">
      <Filter>Source Files</Filter>
    </ClCompile>
    <ClCompile Include="src\models\context.cpp">
      <Filter>Source Files</Filter>
    </ClCompile>
    <ClCompile Include="src\views\context.cpp">
      <Filter>Source Files</Filter>
    </ClCompile>
    <ClCompile Include="src\views\customshape.cpp">
      <Filter>Source Files</Filter>
    </ClCompile>
    <ClCompile Include="src\commands\debugdecorator.cpp">
      <Filter>Source Files</Filter>
    </ClCompile>
    <ClCompile Include="src\dulyapp.cpp">
      <Filter>Source Files</Filter>
    </ClCompile>
    <ClCompile Include="src\views\dulycanvas.cpp">
      <Filter>Source Files</Filter>
    </ClCompile>
    <ClCompile Include="src\dulyscene.cpp">
      <Filter>Source Files</Filter>
    </ClCompile>
    <ClCompile Include="src\eventutilities.cpp">
      <Filter>Source Files</Filter>
    </ClCompile>
    <ClCompile Include="src\models\flow.cpp">
      <Filter>Source Files</Filter>
    </ClCompile>
    <ClCompile Include="src\views\flow.cpp">
      <Filter>Source Files</Filter>
    </ClCompile>
    <ClCompile Include="src\focusmanager.cpp">
      <Filter>Source Files</Filter>
    </ClCompile>
    <ClCompile Include="src\models\function.cpp">
      <Filter>Source Files</Filter>
    </ClCompile>
    <ClCompile Include="src\views\genericnode.cpp">
      <Filter>Source Files</Filter>
    </ClCompile>
    <ClCompile Include="src\models\identity.cpp">
      <Filter>Source Files</Filter>
    </ClCompile>
    <ClCompile Include="src\models\input.cpp">
      <Filter>Source Files</Filter>
    </ClCompile>
    <ClCompile Include="src\views\input.cpp">
      <Filter>Source Files</Filter>
    </ClCompile>
    <ClCompile Include="src\controllers\inputcontroller.cpp">
      <Filter>Source Files</Filter>
    </ClCompile>
    <ClCompile Include="src\views\io.cpp">
      <Filter>Source Files</Filter>
    </ClCompile>
    <ClCompile Include="src\views\line.cpp">
      <Filter>Source Files</Filter>
    </ClCompile>
    <ClCompile Include="src\link.cpp">
      <Filter>Source Files</Filter>
    </ClCompile>
    <ClCompile Include="src\views\linkablebezieritem.cpp">
      <Filter>Source Files</Filter>
    </ClCompile>
    <ClCompile Include="src\models\list\listmodelcontext.cpp">
      <Filter>Source Files</Filter>
    </ClCompile>
    <ClCompile Include="src\main.cpp">
      <Filter>Source Files</Filter>
    </ClCompile>
    <ClCompile Include="src\manager.cpp">
      <Filter>Source Files</Filter>
    </ClCompile>
    <ClCompile Include="src\commands\movecanvascommand.cpp">
      <Filter>Source Files</Filter>
    </ClCompile>
    <ClCompile Include="src\commands\movecommand.cpp">
      <Filter>Source Files</Filter>
    </ClCompile>
    <ClCompile Include="src\commands\movenodecommand.cpp">
      <Filter>Source Files</Filter>
    </ClCompile>
    <ClCompile Include="src\models\node.cpp">
      <Filter>Source Files</Filter>
    </ClCompile>
    <ClCompile Include="src\models\output.cpp">
      <Filter>Source Files</Filter>
    </ClCompile>
    <ClCompile Include="src\views\output.cpp">
      <Filter>Source Files</Filter>
    </ClCompile>
    <ClCompile Include="src\controllers\outputcontroller.cpp">
      <Filter>Source Files</Filter>
    </ClCompile>
    <ClCompile Include="src\project.cpp">
      <Filter>Source Files</Filter>
    </ClCompile>
    <ClCompile Include="src\views\roundedrectangle.cpp">
      <Filter>Source Files</Filter>
    </ClCompile>
    <ClCompile Include="src\views\scalableitem.cpp">
      <Filter>Source Files</Filter>
    </ClCompile>
    <ClCompile Include="src\models\variable.cpp">
      <Filter>Source Files</Filter>
    </ClCompile>
    <ClCompile Include="src\commands\zoomcanvascommand.cpp">
      <Filter>Source Files</Filter>
    </ClCompile>
    <ClCompile Include="Debug\moc_class.cpp">
      <Filter>Generated Files</Filter>
    </ClCompile>
    <ClCompile Include="Release\moc_class.cpp">
      <Filter>Generated Files</Filter>
    </ClCompile>
    <ClCompile Include="Debug\moc_beziercurve.cpp">
      <Filter>Generated Files</Filter>
    </ClCompile>
    <ClCompile Include="Release\moc_beziercurve.cpp">
      <Filter>Generated Files</Filter>
    </ClCompile>
    <ClCompile Include="Debug\moc_line.cpp">
      <Filter>Generated Files</Filter>
    </ClCompile>
    <ClCompile Include="Release\moc_line.cpp">
      <Filter>Generated Files</Filter>
    </ClCompile>
    <ClCompile Include="Debug\moc_io.cpp">
      <Filter>Generated Files</Filter>
    </ClCompile>
    <ClCompile Include="Release\moc_io.cpp">
      <Filter>Generated Files</Filter>
    </ClCompile>
    <ClCompile Include="Debug\moc_genericnode.cpp">
      <Filter>Generated Files</Filter>
    </ClCompile>
    <ClCompile Include="Release\moc_genericnode.cpp">
      <Filter>Generated Files</Filter>
    </ClCompile>
    <ClCompile Include="Debug\moc_flow.cpp">
      <Filter>Generated Files</Filter>
    </ClCompile>
    <ClCompile Include="Release\moc_flow.cpp">
      <Filter>Generated Files</Filter>
    </ClCompile>
    <ClCompile Include="Debug\moc_testconnection.cpp">
      <Filter>Generated Files</Filter>
    </ClCompile>
    <ClCompile Include="Release\moc_testconnection.cpp">
      <Filter>Generated Files</Filter>
    </ClCompile>
    <ClCompile Include="Debug\moc_scalableitem.cpp">
      <Filter>Generated Files</Filter>
    </ClCompile>
    <ClCompile Include="Release\moc_scalableitem.cpp">
      <Filter>Generated Files</Filter>
    </ClCompile>
    <ClCompile Include="Debug\moc_roundedrectangle.cpp">
      <Filter>Generated Files</Filter>
    </ClCompile>
    <ClCompile Include="Release\moc_roundedrectangle.cpp">
      <Filter>Generated Files</Filter>
    </ClCompile>
    <ClCompile Include="Debug\moc_resourcesnode.cpp">
      <Filter>Generated Files</Filter>
    </ClCompile>
    <ClCompile Include="Release\moc_resourcesnode.cpp">
      <Filter>Generated Files</Filter>
    </ClCompile>
    <ClCompile Include="Debug\moc_manager.cpp">
      <Filter>Generated Files</Filter>
    </ClCompile>
    <ClCompile Include="Release\moc_manager.cpp">
      <Filter>Generated Files</Filter>
    </ClCompile>
    <ClCompile Include="Debug\moc_listmodelcontext.cpp">
      <Filter>Generated Files</Filter>
    </ClCompile>
    <ClCompile Include="Release\moc_listmodelcontext.cpp">
      <Filter>Generated Files</Filter>
    </ClCompile>
    <ClCompile Include="Debug\moc_customshape.cpp">
      <Filter>Generated Files</Filter>
    </ClCompile>
    <ClCompile Include="Release\moc_customshape.cpp">
      <Filter>Generated Files</Filter>
    </ClCompile>
    <ClCompile Include="Debug\moc_context.cpp">
      <Filter>Generated Files</Filter>
    </ClCompile>
    <ClCompile Include="Release\moc_context.cpp">
      <Filter>Generated Files</Filter>
    </ClCompile>
    <ClCompile Include="Debug\moc_console.cpp">
      <Filter>Generated Files</Filter>
    </ClCompile>
    <ClCompile Include="Release\moc_console.cpp">
      <Filter>Generated Files</Filter>
    </ClCompile>
    <ClCompile Include="Debug\moc_common.cpp">
      <Filter>Generated Files</Filter>
    </ClCompile>
    <ClCompile Include="Release\moc_common.cpp">
      <Filter>Generated Files</Filter>
    </ClCompile>
    <ClCompile Include="Debug\moc_dulyscene.cpp">
      <Filter>Generated Files</Filter>
    </ClCompile>
    <ClCompile Include="Release\moc_dulyscene.cpp">
      <Filter>Generated Files</Filter>
    </ClCompile>
    <ClCompile Include="Debug\moc_dulycanvas.cpp">
      <Filter>Generated Files</Filter>
    </ClCompile>
    <ClCompile Include="Release\moc_dulycanvas.cpp">
      <Filter>Generated Files</Filter>
    </ClCompile>
    <ClCompile Include="GeneratedFiles\qrc_qml.cpp">
      <Filter>Generated Files</Filter>
    </ClCompile>
    <ClCompile Include="Debug\moc_dulysettings.cpp">
      <Filter>Generated Files</Filter>
    </ClCompile>
    <ClCompile Include="Release\moc_dulysettings.cpp">
      <Filter>Generated Files</Filter>
    </ClCompile>
    <ClCompile Include="src\dulysettings.cpp">
      <Filter>Source Files</Filter>
    </ClCompile>
    <ClCompile Include="Debug\moc_dulysettingsmodel.cpp">
      <Filter>Generated Files</Filter>
    </ClCompile>
    <ClCompile Include="Release\moc_dulysettingsmodel.cpp">
      <Filter>Generated Files</Filter>
    </ClCompile>
    <ClCompile Include="src\dulysettingsmodel.cpp">
      <Filter>Source Files</Filter>
    </ClCompile>
  </ItemGroup>
  <ItemGroup>
    <ClInclude Include="include\models\aregister.h">
      <Filter>Header Files</Filter>
    </ClInclude>
    <ClInclude Include="include\baseio.h">
      <Filter>Header Files</Filter>
    </ClInclude>
    <ClInclude Include="include\baselinkable.h">
      <Filter>Header Files</Filter>
    </ClInclude>
    <ClInclude Include="include\models\class.h">
      <Filter>Header Files</Filter>
    </ClInclude>
    <ClInclude Include="include\commands\command.h">
      <Filter>Header Files</Filter>
    </ClInclude>
    <ClInclude Include="include\commands\commanddecorator.h">
      <Filter>Header Files</Filter>
    </ClInclude>
    <ClInclude Include="include\commands\commandmanager.h">
      <Filter>Header Files</Filter>
    </ClInclude>
    <CustomBuild Include="include\models\common.h">
      <Filter>Header Files</Filter>
    </CustomBuild>
    <ClInclude Include="include\controllers\consolecontroller.h">
      <Filter>Header Files</Filter>
    </ClInclude>
    <ClInclude Include="include\models\context.h">
      <Filter>Header Files</Filter>
    </ClInclude>
    <ClInclude Include="include\commands\debugdecorator.h">
      <Filter>Header Files</Filter>
    </ClInclude>
    <ClInclude Include="include\dulyapp.h">
      <Filter>Header Files</Filter>
    </ClInclude>
    <CustomBuild Include="include\dulyscene.h">
      <Filter>Header Files</Filter>
    </CustomBuild>
    <ClInclude Include="include\eventutilities.h">
      <Filter>Header Files</Filter>
    </ClInclude>
    <ClInclude Include="include\models\flow.h">
      <Filter>Header Files</Filter>
    </ClInclude>
    <ClInclude Include="include\focusmanager.h">
      <Filter>Header Files</Filter>
    </ClInclude>
    <ClInclude Include="include\models\function.h">
      <Filter>Header Files</Filter>
    </ClInclude>
    <ClInclude Include="include\commands\icommand.h">
      <Filter>Header Files</Filter>
    </ClInclude>
    <ClInclude Include="include\models\identity.h">
      <Filter>Header Files</Filter>
    </ClInclude>
    <ClInclude Include="include\ilinkable.h">
      <Filter>Header Files</Filter>
    </ClInclude>
    <ClInclude Include="include\models\imodel.h">
      <Filter>Header Files</Filter>
    </ClInclude>
    <ClInclude Include="include\models\input.h">
      <Filter>Header Files</Filter>
    </ClInclude>
    <ClInclude Include="include\controllers\inputcontroller.h">
      <Filter>Header Files</Filter>
    </ClInclude>
    <ClInclude Include="include\views\iscalable.h">
      <Filter>Header Files</Filter>
    </ClInclude>
    <ClInclude Include="include\link.h">
      <Filter>Header Files</Filter>
    </ClInclude>
    <ClInclude Include="include\linkabletype.h">
      <Filter>Header Files</Filter>
    </ClInclude>
    <CustomBuild Include="include\models\list\listmodelcontext.h">
      <Filter>Header Files</Filter>
    </CustomBuild>
    <CustomBuild Include="include\manager.h">
      <Filter>Header Files</Filter>
    </CustomBuild>
    <ClInclude Include="include\commands\movecommand.h">
      <Filter>Header Files</Filter>
    </ClInclude>
    <ClInclude Include="include\commands\movenodecommand.h">
      <Filter>Header Files</Filter>
    </ClInclude>
    <ClInclude Include="include\models\node.h">
      <Filter>Header Files</Filter>
    </ClInclude>
    <ClInclude Include="include\models\output.h">
      <Filter>Header Files</Filter>
    </ClInclude>
    <ClInclude Include="include\controllers\outputcontroller.h">
      <Filter>Header Files</Filter>
    </ClInclude>
    <ClInclude Include="include\project.h">
      <Filter>Header Files</Filter>
    </ClInclude>
    <CustomBuild Include="include\resourcesnode.h">
      <Filter>Header Files</Filter>
    </CustomBuild>
    <CustomBuild Include="include\testconnection.h">
      <Filter>Header Files</Filter>
    </CustomBuild>
    <ClInclude Include="include\models\variable.h">
      <Filter>Header Files</Filter>
    </ClInclude>
    <ClInclude Include="include\views.h">
      <Filter>Header Files</Filter>
    </ClInclude>
    <ClInclude Include="include\views\input.h">
      <Filter>Header Files\View</Filter>
    </ClInclude>
    <ClInclude Include="include\views\linkablebezieritem.h">
      <Filter>Header Files\View</Filter>
    </ClInclude>
    <ClInclude Include="include\views\output.h">
      <Filter>Header Files\View</Filter>
    </ClInclude>
  </ItemGroup>
  <ItemGroup>
    <CustomBuild Include="debug\moc_predefs.h.cbt">
      <Filter>Generated Files</Filter>
    </CustomBuild>
    <CustomBuild Include="release\moc_predefs.h.cbt">
      <Filter>Generated Files</Filter>
    </CustomBuild>
    <CustomBuild Include="include\dulysettings.h">
      <Filter>Header Files</Filter>
    </CustomBuild>
    <CustomBuild Include="include\views\class.h">
      <Filter>Header Files\View</Filter>
    </CustomBuild>
    <CustomBuild Include="include\views\beziercurve.h">
      <Filter>Header Files\View</Filter>
    </CustomBuild>
    <CustomBuild Include="include\views\console.h">
      <Filter>Header Files\View</Filter>
    </CustomBuild>
    <CustomBuild Include="include\views\context.h">
      <Filter>Header Files\View</Filter>
    </CustomBuild>
    <CustomBuild Include="include\views\customshape.h">
      <Filter>Header Files\View</Filter>
    </CustomBuild>
    <CustomBuild Include="include\views\dulycanvas.h">
      <Filter>Header Files\View</Filter>
    </CustomBuild>
    <CustomBuild Include="include\views\flow.h">
      <Filter>Header Files\View</Filter>
    </CustomBuild>
    <CustomBuild Include="include\views\genericnode.h">
      <Filter>Header Files\View</Filter>
    </CustomBuild>
    <CustomBuild Include="include\views\io.h">
      <Filter>Header Files\View</Filter>
    </CustomBuild>
    <CustomBuild Include="include\views\line.h">
      <Filter>Header Files\View</Filter>
    </CustomBuild>
    <CustomBuild Include="include\views\roundedrectangle.h">
      <Filter>Header Files\View</Filter>
    </CustomBuild>
    <CustomBuild Include="include\views\scalableitem.h">
      <Filter>Header Files\View</Filter>
    </CustomBuild>
    <CustomBuild Include="include\dulysettingsmodel.h">
      <Filter>Header Files</Filter>
    </CustomBuild>
  </ItemGroup>
  <ItemGroup>
    <None Include="resources\Nodes\Operator\BinaryOperator\AccessModel.qml">
      <Filter>Resource Files</Filter>
    </None>
    <None Include="resources\Nodes\Operator\BinaryOperator\AddNodeModel.qml">
      <Filter>Resource Files</Filter>
    </None>
    <None Include="resources\Nodes\Operator\BinaryOperator\Logical\AndModel.qml">
      <Filter>Resource Files</Filter>
    </None>
    <None Include="resources\Nodes\Operator\UnaryOperator\BNotModel.qml">
      <Filter>Resource Files</Filter>
    </None>
    <None Include="resources\Nodes\Operator\BinaryOperator\BinaryAndModel.qml">
      <Filter>Resource Files</Filter>
    </None>
    <None Include="resources\Nodes\Operator\BinaryOperatorModel.qml">
      <Filter>Resource Files</Filter>
    </None>
    <None Include="resources\Nodes\Operator\BinaryOperator\BinaryOrModel.qml">
      <Filter>Resource Files</Filter>
    </None>
    <None Include="resources\Components\ClassContainer.qml">
      <Filter>Resource Files</Filter>
    </None>
    <None Include="resources\Models\ClassModel.qml">
      <Filter>Resource Files</Filter>
    </None>
    <None Include="resources\Components\ClassView.qml">
      <Filter>Resource Files</Filter>
    </None>
    <None Include="resources\Components\ColorPicker.qml">
      <Filter>Resource Files</Filter>
    </None>
    <None Include="resources\Forms\ColorPickerForm.ui.qml">
      <Filter>Resource Files</Filter>
    </None>
    <None Include="resources\Models\ColorPickerModel.qml">
      <Filter>Resource Files</Filter>
    </None>
    <None Include="resources\Components\ConsoleComponent.qml">
      <Filter>Resource Files</Filter>
    </None>
    <None Include="resources\Forms\ConsoleForm.ui.qml">
      <Filter>Resource Files</Filter>
    </None>
    <None Include="resources\Components\Container.qml">
      <Filter>Resource Files</Filter>
    </None>
    <None Include="resources\Forms\ContainerForm.ui.qml">
      <Filter>Resource Files</Filter>
    </None>
    <None Include="resources\Components\ContextContainer.qml">
      <Filter>Resource Files</Filter>
    </None>
    <None Include="resources\Models\ContextModel.qml">
      <Filter>Resource Files</Filter>
    </None>
    <None Include="resources\Components\ContextView.qml">
      <Filter>Resource Files</Filter>
    </None>
    <None Include="resources\JavaScript\CreateComponent.js">
      <Filter>Resource Files</Filter>
    </None>
    <None Include="resources\Components\DeclarationComponent.qml">
      <Filter>Resource Files</Filter>
    </None>
    <None Include="resources\Models\DeclarationModel.qml">
      <Filter>Resource Files</Filter>
    </None>
    <None Include="resources\Models\DeclarationModelDelegate.qml">
      <Filter>Resource Files</Filter>
    </None>
    <None Include="resources\Nodes\Operator\UnaryOperator\DecrementModel.qml">
      <Filter>Resource Files</Filter>
    </None>
    <None Include="resources\Panels\DefaultPanel.qml">
      <Filter>Resource Files</Filter>
    </None>
    <None Include="resources\Nodes\Operator\BinaryOperator\Logical\DifferentModel.qml">
      <Filter>Resource Files</Filter>
    </None>
    <None Include="resources\Nodes\Operator\BinaryOperator\DivideModel.qml">
      <Filter>Resource Files</Filter>
    </None>
    <None Include="resources\Components\DragAndDropItem.qml">
      <Filter>Resource Files</Filter>
    </None>
    <None Include="resources\Components\DragDropItem.qml">
      <Filter>Resource Files</Filter>
    </None>
    <None Include="resources\Components\DropDown.qml">
      <Filter>Resource Files</Filter>
    </None>
    <None Include="resources\Forms\DropDownForm.ui.qml">
      <Filter>Resource Files</Filter>
    </None>
    <None Include="resources\Nodes\Operator\BinaryOperator\Logical\EqualModel.qml">
      <Filter>Resource Files</Filter>
    </None>
    <None Include="resources\Components\FunctionComponent.qml">
      <Filter>Resource Files</Filter>
    </None>
    <None Include="resources\Components\FunctionContainer.qml">
      <Filter>Resource Files</Filter>
    </None>
    <None Include="resources\Models\FunctionModel.qml">
      <Filter>Resource Files</Filter>
    </None>
    <None Include="resources\Nodes\Operator\BinaryOperator\Logical\GreaterEqualModel.qml">
      <Filter>Resource Files</Filter>
    </None>
    <None Include="resources\Nodes\Operator\BinaryOperator\Logical\GreaterModel.qml">
      <Filter>Resource Files</Filter>
    </None>
    <None Include="resources\Nodes\Operator\UnaryOperator\IncrementModel.qml">
      <Filter>Resource Files</Filter>
    </None>
    <None Include="resources\Models\LanguageModel.qml">
      <Filter>Resource Files</Filter>
    </None>
    <None Include="resources\Panels\LanguagePanel.qml">
      <Filter>Resource Files</Filter>
    </None>
    <None Include="resources\Forms\LanguagePanelForm.ui.qml">
      <Filter>Resource Files</Filter>
    </None>
    <None Include="resources\LayoutClassic.qml">
      <Filter>Resource Files</Filter>
    </None>
    <None Include="resources\Layout_1.qml">
      <Filter>Resource Files</Filter>
    </None>
    <None Include="resources\Nodes\Operator\BinaryOperator\LeftShiftModel.qml">
      <Filter>Resource Files</Filter>
    </None>
    <None Include="resources\Nodes\Operator\BinaryOperator\Logical\LessEqualModel.qml">
      <Filter>Resource Files</Filter>
    </None>
    <None Include="resources\Nodes\Operator\BinaryOperator\Logical\LessModel.qml">
      <Filter>Resource Files</Filter>
    </None>
    <None Include="resources\Nodes\Operator\BinaryOperator\LogicalNodeModel.qml">
      <Filter>Resource Files</Filter>
    </None>
    <None Include="resources\Nodes\Operator\BinaryOperator\ModuloModel.qml">
      <Filter>Resource Files</Filter>
    </None>
    <None Include="resources\Nodes\Operator\BinaryOperator\MultiplicateModel.qml">
      <Filter>Resource Files</Filter>
    </None>
    <None Include="resources\Panels\NewProject.qml">
      <Filter>Resource Files</Filter>
    </None>
    <None Include="resources\Forms\NewProjectForm.ui.qml">
      <Filter>Resource Files</Filter>
    </None>
    <None Include="resources\Components\Node.qml">
      <Filter>Resource Files</Filter>
    </None>
    <None Include="resources\Forms\NodeForm.ui.qml">
      <Filter>Resource Files</Filter>
    </None>
    <None Include="resources\Nodes\NodeModel.qml">
      <Filter>Resource Files</Filter>
    </None>
    <None Include="resources\Panels\NodePanel.qml">
      <Filter>Resource Files</Filter>
    </None>
    <None Include="resources\Forms\NodePanelForm.ui.qml">
      <Filter>Resource Files</Filter>
    </None>
    <None Include="resources\Nodes\Operator\UnaryOperator\NotModel.qml">
      <Filter>Resource Files</Filter>
    </None>
    <None Include="resources\Panels\OpenProject.qml">
      <Filter>Resource Files</Filter>
    </None>
    <None Include="resources\Forms\OpenProjectForm.ui.qml">
      <Filter>Resource Files</Filter>
    </None>
    <None Include="resources\Nodes\Operator\BinaryOperator\Logical\OrModel.qml">
      <Filter>Resource Files</Filter>
    </None>
    <None Include="resources\Components\Panel.qml">
      <Filter>Resource Files</Filter>
    </None>
    <None Include="resources\Components\PanelLeft.qml">
      <Filter>Resource Files</Filter>
    </None>
    <None Include="resources\Components\PanelRight.qml">
      <Filter>Resource Files</Filter>
    </None>
    <None Include="resources\Components\PanelTop.qml">
      <Filter>Resource Files</Filter>
    </None>
    <None Include="resources\Components\Printer.qml">
      <Filter>Resource Files</Filter>
    </None>
    <None Include="resources\Nodes\Operator\UnaryOperator\ReverseModel.qml">
      <Filter>Resource Files</Filter>
    </None>
    <None Include="resources\Nodes\Operator\BinaryOperator\RightShiftModel.qml">
      <Filter>Resource Files</Filter>
    </None>
    <None Include="resources\Panels\SettingPanel.qml">
      <Filter>Resource Files</Filter>
    </None>
    <None Include="resources\Forms\SettingPanelForm.ui.qml">
      <Filter>Resource Files</Filter>
    </None>
    <None Include="resources\Nodes\Operator\BinaryOperator\SubstractModel.qml">
      <Filter>Resource Files</Filter>
    </None>
    <None Include="resources\Models\TestModel.qml">
      <Filter>Resource Files</Filter>
    </None>
    <None Include="resources\Models\ThemeModel.qml">
      <Filter>Resource Files</Filter>
    </None>
    <None Include="resources\Panels\ThemePanel.qml">
      <Filter>Resource Files</Filter>
    </None>
    <None Include="resources\Forms\ThemePanelForm.ui.qml">
      <Filter>Resource Files</Filter>
    </None>
    <None Include="resources\Components\ToolBarHeader.qml">
      <Filter>Resource Files</Filter>
    </None>
    <None Include="resources\Nodes\Operator\UnaryOperatorModel.qml">
      <Filter>Resource Files</Filter>
    </None>
    <None Include="resources\Components\VariableContainer.qml">
      <Filter>Resource Files</Filter>
    </None>
    <None Include="resources\Models\VariableModel.qml">
      <Filter>Resource Files</Filter>
    </None>
    <None Include="resources\Images\WindowHandle.png">
      <Filter>Resource Files</Filter>
    </None>
    <None Include="resources\Nodes\Operator\BinaryOperator\XorModel.qml">
      <Filter>Resource Files</Filter>
    </None>
    <None Include="main.qml">
      <Filter>Resource Files</Filter>
    </None>
    <CustomBuild Include="qml.qrc">
      <Filter>Resource Files</Filter>
    </CustomBuild>
    <None Include="qtquickcontrols2.conf">
      <Filter>Resource Files</Filter>
    </None>
  </ItemGroup>
  <ItemGroup>
    <ResourceCompile Include="duly.rc" />
  </ItemGroup>
</Project>